// !$*UTF8*$!
{
	archiveVersion = 1;
	classes = {
	};
	objectVersion = 76;
	objects = {

/* Begin PBXBuildFile section */
		1527B08024C4ACA20024DD78 /* Sensor_App_Framework.framework in Frameworks */ = {isa = PBXBuildFile; fileRef = 1527B07924C4ACA20024DD78 /* Sensor_App_Framework.framework */; };
		1527B08124C4ACA20024DD78 /* Sensor_App_Framework.framework in Embed Frameworks */ = {isa = PBXBuildFile; fileRef = 1527B07924C4ACA20024DD78 /* Sensor_App_Framework.framework */; settings = {ATTRIBUTES = (CodeSignOnCopy, RemoveHeadersOnCopy, ); }; };
		1599F0BE28C135A2003CEF46 /* Sensor-App-Watch.app in Embed Watch Content */ = {isa = PBXBuildFile; fileRef = 1527B04724C4AA620024DD78 /* Sensor-App-Watch.app */; settings = {ATTRIBUTES = (RemoveHeadersOnCopy, ); }; };
/* End PBXBuildFile section */

/* Begin PBXContainerItemProxy section */
		1527B02924C4AA240024DD78 /* PBXContainerItemProxy */ = {
			isa = PBXContainerItemProxy;
			containerPortal = 1527B00F24C4AA240024DD78 /* Project object */;
			proxyType = 1;
			remoteGlobalIDString = 1527B01624C4AA240024DD78;
			remoteInfo = "Sensor-App";
		};
		1527B03424C4AA240024DD78 /* PBXContainerItemProxy */ = {
			isa = PBXContainerItemProxy;
			containerPortal = 1527B00F24C4AA240024DD78 /* Project object */;
			proxyType = 1;
			remoteGlobalIDString = 1527B01624C4AA240024DD78;
			remoteInfo = "Sensor-App";
		};
		1527B07E24C4ACA20024DD78 /* PBXContainerItemProxy */ = {
			isa = PBXContainerItemProxy;
			containerPortal = 1527B00F24C4AA240024DD78 /* Project object */;
			proxyType = 1;
			remoteGlobalIDString = 1527B07824C4ACA20024DD78;
			remoteInfo = "Sensor-App-Framework";
		};
		1599F0BC28C13597003CEF46 /* PBXContainerItemProxy */ = {
			isa = PBXContainerItemProxy;
			containerPortal = 1527B00F24C4AA240024DD78 /* Project object */;
			proxyType = 1;
			remoteGlobalIDString = 1527B04624C4AA620024DD78;
			remoteInfo = "Sensor-App-Watch";
		};
/* End PBXContainerItemProxy section */

/* Begin PBXCopyFilesBuildPhase section */
		1527B07024C4AA640024DD78 /* Embed Watch Content */ = {
			isa = PBXCopyFilesBuildPhase;
			buildActionMask = 2147483647;
			dstPath = "$(CONTENTS_FOLDER_PATH)/Watch";
			dstSubfolderSpec = 16;
			files = (
				1599F0BE28C135A2003CEF46 /* Sensor-App-Watch.app in Embed Watch Content */,
			);
			name = "Embed Watch Content";
			runOnlyForDeploymentPostprocessing = 0;
		};
		1527B08524C4ACA20024DD78 /* Embed Frameworks */ = {
			isa = PBXCopyFilesBuildPhase;
			buildActionMask = 2147483647;
			dstPath = "";
			dstSubfolderSpec = 10;
			files = (
				1527B08124C4ACA20024DD78 /* Sensor_App_Framework.framework in Embed Frameworks */,
			);
			name = "Embed Frameworks";
			runOnlyForDeploymentPostprocessing = 0;
		};
/* End PBXCopyFilesBuildPhase section */

/* Begin PBXFileReference section */
		1527B01724C4AA240024DD78 /* Sensor-App.app */ = {isa = PBXFileReference; explicitFileType = wrapper.application; includeInIndex = 0; path = "Sensor-App.app"; sourceTree = BUILT_PRODUCTS_DIR; };
		1527B02824C4AA240024DD78 /* Sensor-AppTests.xctest */ = {isa = PBXFileReference; explicitFileType = wrapper.cfbundle; includeInIndex = 0; path = "Sensor-AppTests.xctest"; sourceTree = BUILT_PRODUCTS_DIR; };
		1527B03324C4AA240024DD78 /* Sensor-AppUITests.xctest */ = {isa = PBXFileReference; explicitFileType = wrapper.cfbundle; includeInIndex = 0; path = "Sensor-AppUITests.xctest"; sourceTree = BUILT_PRODUCTS_DIR; };
		1527B04724C4AA620024DD78 /* Sensor-App-Watch.app */ = {isa = PBXFileReference; explicitFileType = wrapper.application; includeInIndex = 0; path = "Sensor-App-Watch.app"; sourceTree = BUILT_PRODUCTS_DIR; };
		1527B07924C4ACA20024DD78 /* Sensor_App_Framework.framework */ = {isa = PBXFileReference; explicitFileType = wrapper.framework; includeInIndex = 0; path = Sensor_App_Framework.framework; sourceTree = BUILT_PRODUCTS_DIR; };
/* End PBXFileReference section */

/* Begin PBXFileSystemSynchronizedBuildFileExceptionSet section */
		1515A42B2C9FE60700F89AAE /* PBXFileSystemSynchronizedBuildFileExceptionSet */ = {
			isa = PBXFileSystemSynchronizedBuildFileExceptionSet;
			membershipExceptions = (
				Support/Info.plist,
				Support/PushNotificationPayload.apns,
			);
			target = 1527B04624C4AA620024DD78 /* Sensor-App-Watch */;
		};
		1515A4BD2C9FE60E00F89AAE /* PBXFileSystemSynchronizedBuildFileExceptionSet */ = {
			isa = PBXFileSystemSynchronizedBuildFileExceptionSet;
			membershipExceptions = (
				Support/Info.plist,
			);
			target = 1527B01624C4AA240024DD78 /* Sensor-App */;
		};
		1515A4BE2C9FE60E00F89AAE /* PBXFileSystemSynchronizedBuildFileExceptionSet */ = {
			isa = PBXFileSystemSynchronizedBuildFileExceptionSet;
			membershipExceptions = (
				/Localized/ReleaseNotes/ReleaseNotes.json,
				API/ExportManager.swift,
				"Customization/Extension/Extension+Bundle.swift",
				"Customization/Extension/Extension+String.swift",
				"Customization/Extension/Extension+URL.swift",
				ReleaseNotes/ReleaseNotesModel.swift,
				Support/Info.plist,
			);
			target = 1527B04624C4AA620024DD78 /* Sensor-App-Watch */;
		};
		1515A4BF2C9FE60E00F89AAE /* PBXFileSystemSynchronizedBuildFileExceptionSet */ = {
			isa = PBXFileSystemSynchronizedBuildFileExceptionSet;
			membershipExceptions = (
				/Localized/ReleaseNotes/ReleaseNotes.json,
				Support/Info.plist,
			);
			publicHeaders = (
				Support/Sensor_App_Framework.h,
			);
			target = 1527B07824C4ACA20024DD78 /* Sensor-App-Framework */;
		};
		1515A4DE2C9FE61500F89AAE /* PBXFileSystemSynchronizedBuildFileExceptionSet */ = {
			isa = PBXFileSystemSynchronizedBuildFileExceptionSet;
			membershipExceptions = (
				Info.plist,
			);
			target = 1527B02724C4AA240024DD78 /* Sensor-AppTests */;
		};
		1515A5672C9FE62400F89AAE /* PBXFileSystemSynchronizedBuildFileExceptionSet */ = {
			isa = PBXFileSystemSynchronizedBuildFileExceptionSet;
			membershipExceptions = (
				Support/Info.plist,
			);
			target = 1527B01624C4AA240024DD78 /* Sensor-App */;
		};
		1515A5682C9FE62400F89AAE /* PBXFileSystemSynchronizedBuildFileExceptionSet */ = {
			isa = PBXFileSystemSynchronizedBuildFileExceptionSet;
			membershipExceptions = (
				Helper/PreviewNavigationStackWrapper.swift,
				LineGraph/GraphDetailModel.swift,
			);
			target = 1527B04624C4AA620024DD78 /* Sensor-App-Watch */;
		};
		1515A5692C9FE62400F89AAE /* PBXFileSystemSynchronizedBuildFileExceptionSet */ = {
			isa = PBXFileSystemSynchronizedBuildFileExceptionSet;
			membershipExceptions = (
				Helper/PreviewNavigationStackWrapper.swift,
				LineGraph/GraphDetailModel.swift,
			);
			target = 1527B07824C4ACA20024DD78 /* Sensor-App-Framework */;
		};
		155541D22CA940980005586E /* PBXFileSystemSynchronizedBuildFileExceptionSet */ = {
			isa = PBXFileSystemSynchronizedBuildFileExceptionSet;
			membershipExceptions = (
				Info.plist,
			);
			target = 1527B03224C4AA240024DD78 /* Sensor-AppUITests */;
		};
/* End PBXFileSystemSynchronizedBuildFileExceptionSet section */

/* Begin PBXFileSystemSynchronizedRootGroup section */
		1515A3382C9FE57D00F89AAE /* TestPlans */ = {isa = PBXFileSystemSynchronizedRootGroup; explicitFileTypes = {}; explicitFolders = (); path = TestPlans; sourceTree = "<group>"; };
		1515A4192C9FE60700F89AAE /* Sensor-App-WatchApp */ = {isa = PBXFileSystemSynchronizedRootGroup; exceptions = (1515A42B2C9FE60700F89AAE /* PBXFileSystemSynchronizedBuildFileExceptionSet */, ); explicitFileTypes = {}; explicitFolders = (); path = "Sensor-App-WatchApp"; sourceTree = "<group>"; };
		1515A45A2C9FE60E00F89AAE /* Sensor-App-Framework */ = {isa = PBXFileSystemSynchronizedRootGroup; exceptions = (1515A4BD2C9FE60E00F89AAE /* PBXFileSystemSynchronizedBuildFileExceptionSet */, 1515A4BE2C9FE60E00F89AAE /* PBXFileSystemSynchronizedBuildFileExceptionSet */, 1515A4BF2C9FE60E00F89AAE /* PBXFileSystemSynchronizedBuildFileExceptionSet */, ); explicitFileTypes = {}; explicitFolders = (); path = "Sensor-App-Framework"; sourceTree = "<group>"; };
		1515A4D12C9FE61400F89AAE /* Sensor-AppTests */ = {isa = PBXFileSystemSynchronizedRootGroup; exceptions = (1515A4DE2C9FE61500F89AAE /* PBXFileSystemSynchronizedBuildFileExceptionSet */, ); explicitFileTypes = {}; explicitFolders = (); path = "Sensor-AppTests"; sourceTree = "<group>"; };
		1515A4EB2C9FE61900F89AAE /* Sensor-AppUITests */ = {isa = PBXFileSystemSynchronizedRootGroup; exceptions = (155541D22CA940980005586E /* PBXFileSystemSynchronizedBuildFileExceptionSet */, ); explicitFileTypes = {}; explicitFolders = (); path = "Sensor-AppUITests"; sourceTree = "<group>"; };
		1515A5382C9FE62400F89AAE /* Sensor-App */ = {isa = PBXFileSystemSynchronizedRootGroup; exceptions = (1515A5672C9FE62400F89AAE /* PBXFileSystemSynchronizedBuildFileExceptionSet */, 1515A5682C9FE62400F89AAE /* PBXFileSystemSynchronizedBuildFileExceptionSet */, 1515A5692C9FE62400F89AAE /* PBXFileSystemSynchronizedBuildFileExceptionSet */, ); explicitFileTypes = {}; explicitFolders = (); path = "Sensor-App"; sourceTree = "<group>"; };
		1515A62D2C9FE70500F89AAE /* Configuration */ = {isa = PBXFileSystemSynchronizedRootGroup; explicitFileTypes = {}; explicitFolders = (); path = Configuration; sourceTree = "<group>"; };
/* End PBXFileSystemSynchronizedRootGroup section */

/* Begin PBXFrameworksBuildPhase section */
		1527B01424C4AA240024DD78 /* Frameworks */ = {
			isa = PBXFrameworksBuildPhase;
			buildActionMask = 2147483647;
			files = (
				1527B08024C4ACA20024DD78 /* Sensor_App_Framework.framework in Frameworks */,
			);
			runOnlyForDeploymentPostprocessing = 0;
		};
		1527B02524C4AA240024DD78 /* Frameworks */ = {
			isa = PBXFrameworksBuildPhase;
			buildActionMask = 2147483647;
			files = (
			);
			runOnlyForDeploymentPostprocessing = 0;
		};
		1527B03024C4AA240024DD78 /* Frameworks */ = {
			isa = PBXFrameworksBuildPhase;
			buildActionMask = 2147483647;
			files = (
			);
			runOnlyForDeploymentPostprocessing = 0;
		};
		1527B04D24C4AA630024DD78 /* Frameworks */ = {
			isa = PBXFrameworksBuildPhase;
			buildActionMask = 2147483647;
			files = (
			);
			runOnlyForDeploymentPostprocessing = 0;
		};
		1527B07624C4ACA20024DD78 /* Frameworks */ = {
			isa = PBXFrameworksBuildPhase;
			buildActionMask = 2147483647;
			files = (
			);
			runOnlyForDeploymentPostprocessing = 0;
		};
/* End PBXFrameworksBuildPhase section */

/* Begin PBXGroup section */
		1527B00E24C4AA240024DD78 = {
			isa = PBXGroup;
			children = (
				1515A62D2C9FE70500F89AAE /* Configuration */,
				1515A3382C9FE57D00F89AAE /* TestPlans */,
				1515A5382C9FE62400F89AAE /* Sensor-App */,
				1515A4192C9FE60700F89AAE /* Sensor-App-WatchApp */,
				1515A45A2C9FE60E00F89AAE /* Sensor-App-Framework */,
				1515A4D12C9FE61400F89AAE /* Sensor-AppTests */,
				1515A4EB2C9FE61900F89AAE /* Sensor-AppUITests */,
				1527B01824C4AA240024DD78 /* Products */,
			);
			sourceTree = "<group>";
		};
		1527B01824C4AA240024DD78 /* Products */ = {
			isa = PBXGroup;
			children = (
				1527B01724C4AA240024DD78 /* Sensor-App.app */,
				1527B02824C4AA240024DD78 /* Sensor-AppTests.xctest */,
				1527B03324C4AA240024DD78 /* Sensor-AppUITests.xctest */,
				1527B04724C4AA620024DD78 /* Sensor-App-Watch.app */,
				1527B07924C4ACA20024DD78 /* Sensor_App_Framework.framework */,
			);
			name = Products;
			sourceTree = "<group>";
		};
/* End PBXGroup section */

/* Begin PBXHeadersBuildPhase section */
		1527B07424C4ACA20024DD78 /* Headers */ = {
			isa = PBXHeadersBuildPhase;
			buildActionMask = 2147483647;
			files = (
			);
			runOnlyForDeploymentPostprocessing = 0;
		};
/* End PBXHeadersBuildPhase section */

/* Begin PBXNativeTarget section */
		1527B01624C4AA240024DD78 /* Sensor-App */ = {
			isa = PBXNativeTarget;
			buildConfigurationList = 1527B03C24C4AA240024DD78 /* Build configuration list for PBXNativeTarget "Sensor-App" */;
			buildPhases = (
				15906B5F258CCF700021E7BE /* SwiftLint */,
				1527B01324C4AA240024DD78 /* Sources */,
				1527B01424C4AA240024DD78 /* Frameworks */,
				1527B01524C4AA240024DD78 /* Resources */,
				1527B07024C4AA640024DD78 /* Embed Watch Content */,
				1527B08524C4ACA20024DD78 /* Embed Frameworks */,
			);
			buildRules = (
			);
			dependencies = (
				1599F0BD28C13597003CEF46 /* PBXTargetDependency */,
				1527B07F24C4ACA20024DD78 /* PBXTargetDependency */,
			);
			fileSystemSynchronizedGroups = (
				1515A45A2C9FE60E00F89AAE /* Sensor-App-Framework */,
				1515A5382C9FE62400F89AAE /* Sensor-App */,
				1515A62D2C9FE70500F89AAE /* Configuration */,
			);
			name = "Sensor-App";
			packageProductDependencies = (
			);
			productName = "Sensor-App";
			productReference = 1527B01724C4AA240024DD78 /* Sensor-App.app */;
			productType = "com.apple.product-type.application";
		};
		1527B02724C4AA240024DD78 /* Sensor-AppTests */ = {
			isa = PBXNativeTarget;
			buildConfigurationList = 1527B03F24C4AA240024DD78 /* Build configuration list for PBXNativeTarget "Sensor-AppTests" */;
			buildPhases = (
				1527B02424C4AA240024DD78 /* Sources */,
				1527B02524C4AA240024DD78 /* Frameworks */,
				1527B02624C4AA240024DD78 /* Resources */,
			);
			buildRules = (
			);
			dependencies = (
				1527B02A24C4AA240024DD78 /* PBXTargetDependency */,
			);
			fileSystemSynchronizedGroups = (
				1515A4D12C9FE61400F89AAE /* Sensor-AppTests */,
			);
			name = "Sensor-AppTests";
			productName = "Sensor-AppTests";
			productReference = 1527B02824C4AA240024DD78 /* Sensor-AppTests.xctest */;
			productType = "com.apple.product-type.bundle.unit-test";
		};
		1527B03224C4AA240024DD78 /* Sensor-AppUITests */ = {
			isa = PBXNativeTarget;
			buildConfigurationList = 1527B04224C4AA240024DD78 /* Build configuration list for PBXNativeTarget "Sensor-AppUITests" */;
			buildPhases = (
				1527B02F24C4AA240024DD78 /* Sources */,
				1527B03024C4AA240024DD78 /* Frameworks */,
				1527B03124C4AA240024DD78 /* Resources */,
			);
			buildRules = (
			);
			dependencies = (
				1527B03524C4AA240024DD78 /* PBXTargetDependency */,
			);
			fileSystemSynchronizedGroups = (
				1515A4EB2C9FE61900F89AAE /* Sensor-AppUITests */,
			);
			name = "Sensor-AppUITests";
			productName = "Sensor-AppUITests";
			productReference = 1527B03324C4AA240024DD78 /* Sensor-AppUITests.xctest */;
			productType = "com.apple.product-type.bundle.ui-testing";
		};
		1527B04624C4AA620024DD78 /* Sensor-App-Watch */ = {
			isa = PBXNativeTarget;
			buildConfigurationList = 1527B06D24C4AA640024DD78 /* Build configuration list for PBXNativeTarget "Sensor-App-Watch" */;
			buildPhases = (
				15906B60258CCF800021E7BE /* SwiftLint */,
				1527B04524C4AA620024DD78 /* Resources */,
				1527B04C24C4AA630024DD78 /* Sources */,
				1527B04D24C4AA630024DD78 /* Frameworks */,
			);
			buildRules = (
			);
			dependencies = (
			);
			fileSystemSynchronizedGroups = (
				1515A4192C9FE60700F89AAE /* Sensor-App-WatchApp */,
				1515A45A2C9FE60E00F89AAE /* Sensor-App-Framework */,
				1515A62D2C9FE70500F89AAE /* Configuration */,
			);
			name = "Sensor-App-Watch";
			productName = "Sensor-App-WatchApp";
			productReference = 1527B04724C4AA620024DD78 /* Sensor-App-Watch.app */;
			productType = "com.apple.product-type.application";
		};
		1527B07824C4ACA20024DD78 /* Sensor-App-Framework */ = {
			isa = PBXNativeTarget;
			buildConfigurationList = 1527B08224C4ACA20024DD78 /* Build configuration list for PBXNativeTarget "Sensor-App-Framework" */;
			buildPhases = (
				1527B07424C4ACA20024DD78 /* Headers */,
				1527B07524C4ACA20024DD78 /* Sources */,
				1527B07624C4ACA20024DD78 /* Frameworks */,
				1527B07724C4ACA20024DD78 /* Resources */,
			);
			buildRules = (
			);
			dependencies = (
			);
			fileSystemSynchronizedGroups = (
				1515A45A2C9FE60E00F89AAE /* Sensor-App-Framework */,
				1515A62D2C9FE70500F89AAE /* Configuration */,
			);
			name = "Sensor-App-Framework";
			productName = "Sensor-App-Framework";
			productReference = 1527B07924C4ACA20024DD78 /* Sensor_App_Framework.framework */;
			productType = "com.apple.product-type.framework";
		};
/* End PBXNativeTarget section */

/* Begin PBXProject section */
		1527B00F24C4AA240024DD78 /* Project object */ = {
			isa = PBXProject;
			attributes = {
				BuildIndependentTargetsInParallel = YES;
				LastSwiftUpdateCheck = 1200;
				LastUpgradeCheck = 1600;
				TargetAttributes = {
					1527B01624C4AA240024DD78 = {
						CreatedOnToolsVersion = 12.0;
					};
					1527B02724C4AA240024DD78 = {
						CreatedOnToolsVersion = 12.0;
						TestTargetID = 1527B01624C4AA240024DD78;
					};
					1527B03224C4AA240024DD78 = {
						CreatedOnToolsVersion = 12.0;
						TestTargetID = 1527B01624C4AA240024DD78;
					};
					1527B04624C4AA620024DD78 = {
						CreatedOnToolsVersion = 12.0;
					};
					1527B07824C4ACA20024DD78 = {
						CreatedOnToolsVersion = 12.0;
					};
				};
			};
			buildConfigurationList = 1527B01224C4AA240024DD78 /* Build configuration list for PBXProject "Sensor-App" */;
			developmentRegion = en;
			hasScannedForEncodings = 0;
			knownRegions = (
				en,
				Base,
				de,
			);
			mainGroup = 1527B00E24C4AA240024DD78;
			packageReferences = (
			);
			preferredProjectObjectVersion = 54;
			productRefGroup = 1527B01824C4AA240024DD78 /* Products */;
			projectDirPath = "";
			projectRoot = "";
			targets = (
				1527B01624C4AA240024DD78 /* Sensor-App */,
				1527B04624C4AA620024DD78 /* Sensor-App-Watch */,
				1527B07824C4ACA20024DD78 /* Sensor-App-Framework */,
				1527B02724C4AA240024DD78 /* Sensor-AppTests */,
				1527B03224C4AA240024DD78 /* Sensor-AppUITests */,
			);
		};
/* End PBXProject section */

/* Begin PBXResourcesBuildPhase section */
		1527B01524C4AA240024DD78 /* Resources */ = {
			isa = PBXResourcesBuildPhase;
			buildActionMask = 2147483647;
			files = (
			);
			runOnlyForDeploymentPostprocessing = 0;
		};
		1527B02624C4AA240024DD78 /* Resources */ = {
			isa = PBXResourcesBuildPhase;
			buildActionMask = 2147483647;
			files = (
			);
			runOnlyForDeploymentPostprocessing = 0;
		};
		1527B03124C4AA240024DD78 /* Resources */ = {
			isa = PBXResourcesBuildPhase;
			buildActionMask = 2147483647;
			files = (
			);
			runOnlyForDeploymentPostprocessing = 0;
		};
		1527B04524C4AA620024DD78 /* Resources */ = {
			isa = PBXResourcesBuildPhase;
			buildActionMask = 2147483647;
			files = (
			);
			runOnlyForDeploymentPostprocessing = 0;
		};
		1527B07724C4ACA20024DD78 /* Resources */ = {
			isa = PBXResourcesBuildPhase;
			buildActionMask = 2147483647;
			files = (
			);
			runOnlyForDeploymentPostprocessing = 0;
		};
/* End PBXResourcesBuildPhase section */

/* Begin PBXShellScriptBuildPhase section */
		15906B5F258CCF700021E7BE /* SwiftLint */ = {
			isa = PBXShellScriptBuildPhase;
			alwaysOutOfDate = 1;
			buildActionMask = 2147483647;
			files = (
			);
			inputFileListPaths = (
			);
			inputPaths = (
			);
			name = SwiftLint;
			outputFileListPaths = (
			);
			outputPaths = (
			);
			runOnlyForDeploymentPostprocessing = 0;
			shellPath = /bin/sh;
			shellScript = "export PATH=\"$PATH:/opt/homebrew/bin\"\nif which swiftlint > /dev/null; then\n  swiftlint\nelse\n  echo \"warning: SwiftLint not installed, download from https://github.com/realm/SwiftLint\"\nfi\n";
		};
		15906B60258CCF800021E7BE /* SwiftLint */ = {
			isa = PBXShellScriptBuildPhase;
			alwaysOutOfDate = 1;
			buildActionMask = 2147483647;
			files = (
			);
			inputFileListPaths = (
			);
			inputPaths = (
			);
			name = SwiftLint;
			outputFileListPaths = (
			);
			outputPaths = (
			);
			runOnlyForDeploymentPostprocessing = 0;
			shellPath = /bin/sh;
			shellScript = "export PATH=\"$PATH:/opt/homebrew/bin\"\nif which swiftlint > /dev/null; then\n  swiftlint\nelse\n  echo \"warning: SwiftLint not installed, download from https://github.com/realm/SwiftLint\"\nfi\n";
		};
/* End PBXShellScriptBuildPhase section */

/* Begin PBXSourcesBuildPhase section */
		1527B01324C4AA240024DD78 /* Sources */ = {
			isa = PBXSourcesBuildPhase;
			buildActionMask = 2147483647;
			files = (
			);
			runOnlyForDeploymentPostprocessing = 0;
		};
		1527B02424C4AA240024DD78 /* Sources */ = {
			isa = PBXSourcesBuildPhase;
			buildActionMask = 2147483647;
			files = (
			);
			runOnlyForDeploymentPostprocessing = 0;
		};
		1527B02F24C4AA240024DD78 /* Sources */ = {
			isa = PBXSourcesBuildPhase;
			buildActionMask = 2147483647;
			files = (
			);
			runOnlyForDeploymentPostprocessing = 0;
		};
		1527B04C24C4AA630024DD78 /* Sources */ = {
			isa = PBXSourcesBuildPhase;
			buildActionMask = 2147483647;
			files = (
			);
			runOnlyForDeploymentPostprocessing = 0;
		};
		1527B07524C4ACA20024DD78 /* Sources */ = {
			isa = PBXSourcesBuildPhase;
			buildActionMask = 2147483647;
			files = (
			);
			runOnlyForDeploymentPostprocessing = 0;
		};
/* End PBXSourcesBuildPhase section */

/* Begin PBXTargetDependency section */
		1527B02A24C4AA240024DD78 /* PBXTargetDependency */ = {
			isa = PBXTargetDependency;
			target = 1527B01624C4AA240024DD78 /* Sensor-App */;
			targetProxy = 1527B02924C4AA240024DD78 /* PBXContainerItemProxy */;
		};
		1527B03524C4AA240024DD78 /* PBXTargetDependency */ = {
			isa = PBXTargetDependency;
			target = 1527B01624C4AA240024DD78 /* Sensor-App */;
			targetProxy = 1527B03424C4AA240024DD78 /* PBXContainerItemProxy */;
		};
		1527B07F24C4ACA20024DD78 /* PBXTargetDependency */ = {
			isa = PBXTargetDependency;
			target = 1527B07824C4ACA20024DD78 /* Sensor-App-Framework */;
			targetProxy = 1527B07E24C4ACA20024DD78 /* PBXContainerItemProxy */;
		};
		1599F0BD28C13597003CEF46 /* PBXTargetDependency */ = {
			isa = PBXTargetDependency;
			target = 1527B04624C4AA620024DD78 /* Sensor-App-Watch */;
			targetProxy = 1599F0BC28C13597003CEF46 /* PBXContainerItemProxy */;
		};
/* End PBXTargetDependency section */

/* Begin XCBuildConfiguration section */
		1527B03A24C4AA240024DD78 /* Debug */ = {
			isa = XCBuildConfiguration;
			baseConfigurationReferenceAnchor = 1515A62D2C9FE70500F89AAE /* Configuration */;
			baseConfigurationReferenceRelativePath = Debug.xcconfig;
			buildSettings = {
				ALWAYS_SEARCH_USER_PATHS = NO;
				ASSETCATALOG_COMPILER_ALTERNATE_APPICON_NAMES = "AppIcon-V1 AppIcon-V2 AppIcon-V3";
				ASSETCATALOG_COMPILER_APPICON_NAME = "${PRIMARY_APP_ICON}";
				ASSETCATALOG_COMPILER_GENERATE_SWIFT_ASSET_SYMBOL_EXTENSIONS = YES;
				ASSETCATALOG_COMPILER_INCLUDE_ALL_APPICON_ASSETS = YES;
				CLANG_ANALYZER_LOCALIZABILITY_NONLOCALIZED = YES;
				CLANG_ANALYZER_NONNULL = YES;
				CLANG_ANALYZER_NUMBER_OBJECT_CONVERSION = YES_AGGRESSIVE;
				CLANG_CXX_LANGUAGE_STANDARD = "gnu++14";
				CLANG_CXX_LIBRARY = "libc++";
				CLANG_ENABLE_MODULES = YES;
				CLANG_ENABLE_OBJC_ARC = YES;
				CLANG_ENABLE_OBJC_WEAK = YES;
				CLANG_WARN_BLOCK_CAPTURE_AUTORELEASING = YES;
				CLANG_WARN_BOOL_CONVERSION = YES;
				CLANG_WARN_COMMA = YES;
				CLANG_WARN_CONSTANT_CONVERSION = YES;
				CLANG_WARN_DEPRECATED_OBJC_IMPLEMENTATIONS = YES;
				CLANG_WARN_DIRECT_OBJC_ISA_USAGE = YES_ERROR;
				CLANG_WARN_DOCUMENTATION_COMMENTS = YES;
				CLANG_WARN_EMPTY_BODY = YES;
				CLANG_WARN_ENUM_CONVERSION = YES;
				CLANG_WARN_INFINITE_RECURSION = YES;
				CLANG_WARN_INT_CONVERSION = YES;
				CLANG_WARN_NON_LITERAL_NULL_CONVERSION = YES;
				CLANG_WARN_OBJC_IMPLICIT_RETAIN_SELF = YES;
				CLANG_WARN_OBJC_LITERAL_CONVERSION = YES;
				CLANG_WARN_OBJC_ROOT_CLASS = YES_ERROR;
				CLANG_WARN_QUOTED_INCLUDE_IN_FRAMEWORK_HEADER = YES;
				CLANG_WARN_RANGE_LOOP_ANALYSIS = YES;
				CLANG_WARN_STRICT_PROTOTYPES = YES;
				CLANG_WARN_SUSPICIOUS_MOVE = YES;
				CLANG_WARN_UNGUARDED_AVAILABILITY = YES_AGGRESSIVE;
				CLANG_WARN_UNREACHABLE_CODE = YES;
				CLANG_WARN__DUPLICATE_METHOD_MATCH = YES;
				COPY_PHASE_STRIP = NO;
				DEBUG_INFORMATION_FORMAT = dwarf;
				ENABLE_STRICT_OBJC_MSGSEND = YES;
				ENABLE_TESTABILITY = YES;
				ENABLE_USER_SCRIPT_SANDBOXING = NO;
				GCC_C_LANGUAGE_STANDARD = gnu11;
				GCC_DYNAMIC_NO_PIC = NO;
				GCC_NO_COMMON_BLOCKS = YES;
				GCC_OPTIMIZATION_LEVEL = 0;
				GCC_PREPROCESSOR_DEFINITIONS = (
					"DEBUG=1",
					"$(inherited)",
				);
				GCC_WARN_64_TO_32_BIT_CONVERSION = YES;
				GCC_WARN_ABOUT_RETURN_TYPE = YES_ERROR;
				GCC_WARN_UNDECLARED_SELECTOR = YES;
				GCC_WARN_UNINITIALIZED_AUTOS = YES_AGGRESSIVE;
				GCC_WARN_UNUSED_FUNCTION = YES;
				GCC_WARN_UNUSED_VARIABLE = YES;
				IPHONEOS_DEPLOYMENT_TARGET = 18.0;
				MTL_ENABLE_DEBUG_INFO = INCLUDE_SOURCE;
				MTL_FAST_MATH = YES;
				ONLY_ACTIVE_ARCH = YES;
				PRODUCT_BUNDLE_IDENTIFIER = "VolkerSchmitt88-at-icloud.com.Sensor-App";
				PRODUCT_NAME = "Sensor-App";
				SDKROOT = iphoneos;
				SWIFT_ACTIVE_COMPILATION_CONDITIONS = DEBUG;
				SWIFT_EMIT_LOC_STRINGS = YES;
				SWIFT_OPTIMIZATION_LEVEL = "-Onone";
				SWIFT_STRICT_CONCURRENCY = complete;
				SWIFT_VERSION = 6.0;
				TARGETED_DEVICE_FAMILY = "1,2,4";
				WATCHOS_DEPLOYMENT_TARGET = 11.0;
			};
			name = Debug;
		};
		1527B03B24C4AA240024DD78 /* Release */ = {
			isa = XCBuildConfiguration;
			baseConfigurationReferenceAnchor = 1515A62D2C9FE70500F89AAE /* Configuration */;
			baseConfigurationReferenceRelativePath = Release.xcconfig;
			buildSettings = {
				ALWAYS_SEARCH_USER_PATHS = NO;
				ASSETCATALOG_COMPILER_ALTERNATE_APPICON_NAMES = "AppIcon-V1 AppIcon-V2 AppIcon-V3";
				ASSETCATALOG_COMPILER_APPICON_NAME = "${PRIMARY_APP_ICON}";
				ASSETCATALOG_COMPILER_GENERATE_SWIFT_ASSET_SYMBOL_EXTENSIONS = YES;
				ASSETCATALOG_COMPILER_INCLUDE_ALL_APPICON_ASSETS = YES;
				CLANG_ANALYZER_LOCALIZABILITY_NONLOCALIZED = YES;
				CLANG_ANALYZER_NONNULL = YES;
				CLANG_ANALYZER_NUMBER_OBJECT_CONVERSION = YES_AGGRESSIVE;
				CLANG_CXX_LANGUAGE_STANDARD = "gnu++14";
				CLANG_CXX_LIBRARY = "libc++";
				CLANG_ENABLE_MODULES = YES;
				CLANG_ENABLE_OBJC_ARC = YES;
				CLANG_ENABLE_OBJC_WEAK = YES;
				CLANG_WARN_BLOCK_CAPTURE_AUTORELEASING = YES;
				CLANG_WARN_BOOL_CONVERSION = YES;
				CLANG_WARN_COMMA = YES;
				CLANG_WARN_CONSTANT_CONVERSION = YES;
				CLANG_WARN_DEPRECATED_OBJC_IMPLEMENTATIONS = YES;
				CLANG_WARN_DIRECT_OBJC_ISA_USAGE = YES_ERROR;
				CLANG_WARN_DOCUMENTATION_COMMENTS = YES;
				CLANG_WARN_EMPTY_BODY = YES;
				CLANG_WARN_ENUM_CONVERSION = YES;
				CLANG_WARN_INFINITE_RECURSION = YES;
				CLANG_WARN_INT_CONVERSION = YES;
				CLANG_WARN_NON_LITERAL_NULL_CONVERSION = YES;
				CLANG_WARN_OBJC_IMPLICIT_RETAIN_SELF = YES;
				CLANG_WARN_OBJC_LITERAL_CONVERSION = YES;
				CLANG_WARN_OBJC_ROOT_CLASS = YES_ERROR;
				CLANG_WARN_QUOTED_INCLUDE_IN_FRAMEWORK_HEADER = YES;
				CLANG_WARN_RANGE_LOOP_ANALYSIS = YES;
				CLANG_WARN_STRICT_PROTOTYPES = YES;
				CLANG_WARN_SUSPICIOUS_MOVE = YES;
				CLANG_WARN_UNGUARDED_AVAILABILITY = YES_AGGRESSIVE;
				CLANG_WARN_UNREACHABLE_CODE = YES;
				CLANG_WARN__DUPLICATE_METHOD_MATCH = YES;
				COPY_PHASE_STRIP = NO;
				DEBUG_INFORMATION_FORMAT = "dwarf-with-dsym";
				ENABLE_NS_ASSERTIONS = NO;
				ENABLE_STRICT_OBJC_MSGSEND = YES;
				ENABLE_USER_SCRIPT_SANDBOXING = NO;
				GCC_C_LANGUAGE_STANDARD = gnu11;
				GCC_NO_COMMON_BLOCKS = YES;
				GCC_WARN_64_TO_32_BIT_CONVERSION = YES;
				GCC_WARN_ABOUT_RETURN_TYPE = YES_ERROR;
				GCC_WARN_UNDECLARED_SELECTOR = YES;
				GCC_WARN_UNINITIALIZED_AUTOS = YES_AGGRESSIVE;
				GCC_WARN_UNUSED_FUNCTION = YES;
				GCC_WARN_UNUSED_VARIABLE = YES;
				IPHONEOS_DEPLOYMENT_TARGET = 18.0;
				MTL_ENABLE_DEBUG_INFO = NO;
				MTL_FAST_MATH = YES;
				PRODUCT_BUNDLE_IDENTIFIER = "VolkerSchmitt88-at-icloud.com.Sensor-App";
				PRODUCT_NAME = "Sensor-App";
				SDKROOT = iphoneos;
				SWIFT_COMPILATION_MODE = wholemodule;
				SWIFT_EMIT_LOC_STRINGS = YES;
				SWIFT_OPTIMIZATION_LEVEL = "-O";
				SWIFT_STRICT_CONCURRENCY = complete;
				SWIFT_VERSION = 6.0;
				TARGETED_DEVICE_FAMILY = "1,2,4";
				VALIDATE_PRODUCT = YES;
				WATCHOS_DEPLOYMENT_TARGET = 11.0;
			};
			name = Release;
		};
		1527B03D24C4AA240024DD78 /* Debug */ = {
			isa = XCBuildConfiguration;
			baseConfigurationReferenceAnchor = 1515A62D2C9FE70500F89AAE /* Configuration */;
			baseConfigurationReferenceRelativePath = Debug.xcconfig;
			buildSettings = {
				ASSETCATALOG_COMPILER_GLOBAL_ACCENT_COLOR_NAME = AccentColor;
				CODE_SIGN_STYLE = Automatic;
				DEVELOPMENT_ASSET_PATHS = "\"$(SRCROOT)/Sensor-App/Support/Preview Content\"";
				DEVELOPMENT_TEAM = NLF7894S7W;
				ENABLE_PREVIEWS = YES;
				INFOPLIST_FILE = "$(SRCROOT)/Sensor-App/Support/Info.plist";
				INFOPLIST_KEY_CFBundleDisplayName = "$(APP_DISPLAY_NAME)";
				INFOPLIST_KEY_LSApplicationCategoryType = "public.app-category.productivity";
				IPHONEOS_DEPLOYMENT_TARGET = 18.0;
				LD_RUNPATH_SEARCH_PATHS = (
					"$(inherited)",
					"@executable_path/Frameworks",
				);
				PRODUCT_BUNDLE_IDENTIFIER = "$(BUNDLE_IDENTIFIER)";
				PRODUCT_NAME = "$(inherited)";
				SUPPORTED_PLATFORMS = "iphoneos iphonesimulator";
				SUPPORTS_MACCATALYST = NO;
				SUPPORTS_MAC_DESIGNED_FOR_IPHONE_IPAD = NO;
				TARGETED_DEVICE_FAMILY = "1,2";
			};
			name = Debug;
		};
		1527B03E24C4AA240024DD78 /* Release */ = {
			isa = XCBuildConfiguration;
			baseConfigurationReferenceAnchor = 1515A62D2C9FE70500F89AAE /* Configuration */;
			baseConfigurationReferenceRelativePath = Release.xcconfig;
			buildSettings = {
				ASSETCATALOG_COMPILER_GLOBAL_ACCENT_COLOR_NAME = AccentColor;
				CODE_SIGN_STYLE = Automatic;
				DEVELOPMENT_ASSET_PATHS = "\"$(SRCROOT)/Sensor-App/Support/Preview Content\"";
				DEVELOPMENT_TEAM = NLF7894S7W;
				ENABLE_PREVIEWS = YES;
				INFOPLIST_FILE = "$(SRCROOT)/Sensor-App/Support/Info.plist";
				INFOPLIST_KEY_CFBundleDisplayName = "$(APP_DISPLAY_NAME)";
				INFOPLIST_KEY_LSApplicationCategoryType = "public.app-category.productivity";
				IPHONEOS_DEPLOYMENT_TARGET = 18.0;
				LD_RUNPATH_SEARCH_PATHS = (
					"$(inherited)",
					"@executable_path/Frameworks",
				);
				PRODUCT_BUNDLE_IDENTIFIER = "$(BUNDLE_IDENTIFIER)";
				PRODUCT_NAME = "$(TARGET_NAME)";
				SUPPORTED_PLATFORMS = "iphoneos iphonesimulator";
				SUPPORTS_MACCATALYST = NO;
				SUPPORTS_MAC_DESIGNED_FOR_IPHONE_IPAD = NO;
				TARGETED_DEVICE_FAMILY = "1,2";
			};
			name = Release;
		};
		1527B04024C4AA240024DD78 /* Debug */ = {
			isa = XCBuildConfiguration;
			baseConfigurationReferenceAnchor = 1515A62D2C9FE70500F89AAE /* Configuration */;
			baseConfigurationReferenceRelativePath = Debug.xcconfig;
			buildSettings = {
				BUNDLE_LOADER = "$(TEST_HOST)";
				CODE_SIGN_STYLE = Automatic;
				DEVELOPMENT_TEAM = NLF7894S7W;
				INFOPLIST_FILE = "$(SRCROOT)/Sensor-AppTests/Info.plist";
				IPHONEOS_DEPLOYMENT_TARGET = 18.0;
				LD_RUNPATH_SEARCH_PATHS = (
					"$(inherited)",
					"@executable_path/Frameworks",
					"@loader_path/Frameworks",
				);
				PRODUCT_BUNDLE_IDENTIFIER = "$(BUNDLE_IDENTIFIER)Tests";
				PRODUCT_NAME = "$(TARGET_NAME)";
				SUPPORTED_PLATFORMS = "iphoneos iphonesimulator";
				SUPPORTS_MACCATALYST = NO;
				SUPPORTS_MAC_DESIGNED_FOR_IPHONE_IPAD = NO;
				TARGETED_DEVICE_FAMILY = "1,2";
				TEST_HOST = "$(BUILT_PRODUCTS_DIR)/Sensor-App.app/Sensor-App";
			};
			name = Debug;
		};
		1527B04124C4AA240024DD78 /* Release */ = {
			isa = XCBuildConfiguration;
			baseConfigurationReferenceAnchor = 1515A62D2C9FE70500F89AAE /* Configuration */;
			baseConfigurationReferenceRelativePath = Release.xcconfig;
			buildSettings = {
				BUNDLE_LOADER = "$(TEST_HOST)";
				CODE_SIGN_STYLE = Automatic;
				DEVELOPMENT_TEAM = NLF7894S7W;
				INFOPLIST_FILE = "$(SRCROOT)/Sensor-AppTests/Info.plist";
				IPHONEOS_DEPLOYMENT_TARGET = 18.0;
				LD_RUNPATH_SEARCH_PATHS = (
					"$(inherited)",
					"@executable_path/Frameworks",
					"@loader_path/Frameworks",
				);
				PRODUCT_BUNDLE_IDENTIFIER = "$(BUNDLE_IDENTIFIER)Tests";
				PRODUCT_NAME = "$(TARGET_NAME)";
				SUPPORTED_PLATFORMS = "iphoneos iphonesimulator";
				SUPPORTS_MACCATALYST = NO;
				SUPPORTS_MAC_DESIGNED_FOR_IPHONE_IPAD = NO;
				TARGETED_DEVICE_FAMILY = "1,2";
				TEST_HOST = "$(BUILT_PRODUCTS_DIR)/Sensor-App.app/Sensor-App";
			};
			name = Release;
		};
		1527B04324C4AA240024DD78 /* Debug */ = {
			isa = XCBuildConfiguration;
			baseConfigurationReferenceAnchor = 1515A62D2C9FE70500F89AAE /* Configuration */;
			baseConfigurationReferenceRelativePath = Debug.xcconfig;
			buildSettings = {
				CODE_SIGN_STYLE = Automatic;
				DEVELOPMENT_TEAM = NLF7894S7W;
				INFOPLIST_FILE = "$(SRCROOT)/Sensor-AppUITests/Info.plist";
				LD_RUNPATH_SEARCH_PATHS = (
					"$(inherited)",
					"@executable_path/Frameworks",
					"@loader_path/Frameworks",
				);
				PRODUCT_BUNDLE_IDENTIFIER = "$(BUNDLE_IDENTIFIER)-FrameworkUITests";
				PRODUCT_NAME = "$(TARGET_NAME)";
				SUPPORTED_PLATFORMS = "iphoneos iphonesimulator";
				SUPPORTS_MACCATALYST = NO;
				SUPPORTS_MAC_DESIGNED_FOR_IPHONE_IPAD = NO;
				TARGETED_DEVICE_FAMILY = "1,2";
				TEST_TARGET_NAME = "Sensor-App";
			};
			name = Debug;
		};
		1527B04424C4AA240024DD78 /* Release */ = {
			isa = XCBuildConfiguration;
			baseConfigurationReferenceAnchor = 1515A62D2C9FE70500F89AAE /* Configuration */;
			baseConfigurationReferenceRelativePath = Release.xcconfig;
			buildSettings = {
				CODE_SIGN_STYLE = Automatic;
				DEVELOPMENT_TEAM = NLF7894S7W;
				INFOPLIST_FILE = "$(SRCROOT)/Sensor-AppUITests/Info.plist";
				LD_RUNPATH_SEARCH_PATHS = (
					"$(inherited)",
					"@executable_path/Frameworks",
					"@loader_path/Frameworks",
				);
				PRODUCT_BUNDLE_IDENTIFIER = "$(BUNDLE_IDENTIFIER)-FrameworkUITests";
				PRODUCT_NAME = "$(TARGET_NAME)";
				SUPPORTED_PLATFORMS = "iphoneos iphonesimulator";
				SUPPORTS_MACCATALYST = NO;
				SUPPORTS_MAC_DESIGNED_FOR_IPHONE_IPAD = NO;
				TARGETED_DEVICE_FAMILY = "1,2";
				TEST_TARGET_NAME = "Sensor-App";
			};
			name = Release;
		};
		1527B06E24C4AA640024DD78 /* Debug */ = {
			isa = XCBuildConfiguration;
			baseConfigurationReferenceAnchor = 1515A62D2C9FE70500F89AAE /* Configuration */;
			baseConfigurationReferenceRelativePath = Debug.xcconfig;
			buildSettings = {
				ASSETCATALOG_COMPILER_ALTERNATE_APPICON_NAMES = "";
				ASSETCATALOG_COMPILER_GLOBAL_ACCENT_COLOR_NAME = AccentColor;
				CODE_SIGN_STYLE = Automatic;
				DEVELOPMENT_TEAM = NLF7894S7W;
				ENABLE_USER_SCRIPT_SANDBOXING = NO;
				INFOPLIST_FILE = "$(SRCROOT)/Sensor-App-WatchApp/Support/Info.plist";
				INFOPLIST_KEY_CFBundleDisplayName = "$(APP_DISPLAY_NAME)-Watch";
				LD_RUNPATH_SEARCH_PATHS = (
					"@executable_path/Frameworks",
					"@executable_path/../../Frameworks",
				);
				PRODUCT_BUNDLE_IDENTIFIER = "$(BUNDLE_IDENTIFIER).watchkitapp";
				PRODUCT_NAME = "$(TARGET_NAME)";
				SDKROOT = watchos;
				SKIP_INSTALL = YES;
				TARGETED_DEVICE_FAMILY = 4;
				WATCHOS_DEPLOYMENT_TARGET = 11.0;
			};
			name = Debug;
		};
		1527B06F24C4AA640024DD78 /* Release */ = {
			isa = XCBuildConfiguration;
			baseConfigurationReferenceAnchor = 1515A62D2C9FE70500F89AAE /* Configuration */;
			baseConfigurationReferenceRelativePath = Release.xcconfig;
			buildSettings = {
				ASSETCATALOG_COMPILER_ALTERNATE_APPICON_NAMES = "";
				ASSETCATALOG_COMPILER_GLOBAL_ACCENT_COLOR_NAME = AccentColor;
				CODE_SIGN_STYLE = Automatic;
				DEVELOPMENT_TEAM = NLF7894S7W;
				ENABLE_USER_SCRIPT_SANDBOXING = NO;
				INFOPLIST_FILE = "$(SRCROOT)/Sensor-App-WatchApp/Support/Info.plist";
				INFOPLIST_KEY_CFBundleDisplayName = "$(APP_DISPLAY_NAME)-Watch";
				LD_RUNPATH_SEARCH_PATHS = (
					"@executable_path/Frameworks",
					"@executable_path/../../Frameworks",
				);
				PRODUCT_BUNDLE_IDENTIFIER = "$(BUNDLE_IDENTIFIER).watchkitapp";
				PRODUCT_NAME = "$(TARGET_NAME)";
				SDKROOT = watchos;
				SKIP_INSTALL = YES;
				TARGETED_DEVICE_FAMILY = 4;
				WATCHOS_DEPLOYMENT_TARGET = 11.0;
			};
			name = Release;
		};
		1527B08324C4ACA20024DD78 /* Debug */ = {
			isa = XCBuildConfiguration;
			baseConfigurationReferenceAnchor = 1515A62D2C9FE70500F89AAE /* Configuration */;
			baseConfigurationReferenceRelativePath = Debug.xcconfig;
			buildSettings = {
				CODE_SIGN_IDENTITY = "";
				CODE_SIGN_STYLE = Automatic;
				DEFINES_MODULE = YES;
				DEVELOPMENT_TEAM = NLF7894S7W;
				DYLIB_COMPATIBILITY_VERSION = 1;
				DYLIB_CURRENT_VERSION = 1;
				DYLIB_INSTALL_NAME_BASE = "@rpath";
				ENABLE_MODULE_VERIFIER = YES;
				INFOPLIST_FILE = "$(SRCROOT)/Sensor-App-Framework/Support/Info.plist";
				INSTALL_PATH = "$(LOCAL_LIBRARY_DIR)/Frameworks";
				IPHONEOS_DEPLOYMENT_TARGET = 18.0;
				LD_RUNPATH_SEARCH_PATHS = (
					"$(inherited)",
					"@executable_path/Frameworks",
					"@loader_path/Frameworks",
				);
				MODULE_VERIFIER_SUPPORTED_LANGUAGE_STANDARDS = "gnu11 gnu++14";
				PRODUCT_BUNDLE_IDENTIFIER = "--BUNDLE-IDENTIFIER--Framework";
				PRODUCT_NAME = "$(TARGET_NAME:c99extidentifier)";
				SKIP_INSTALL = YES;
				SUPPORTED_PLATFORMS = "iphoneos iphonesimulator";
				SUPPORTS_MACCATALYST = NO;
				SUPPORTS_MAC_DESIGNED_FOR_IPHONE_IPAD = NO;
				TARGETED_DEVICE_FAMILY = "1,2,4";
				TVOS_DEPLOYMENT_TARGET = 18.0;
				VERSIONING_SYSTEM = "apple-generic";
				VERSION_INFO_PREFIX = "";
			};
			name = Debug;
		};
		1527B08424C4ACA20024DD78 /* Release */ = {
			isa = XCBuildConfiguration;
			baseConfigurationReferenceAnchor = 1515A62D2C9FE70500F89AAE /* Configuration */;
			baseConfigurationReferenceRelativePath = Release.xcconfig;
			buildSettings = {
				CODE_SIGN_IDENTITY = "";
				CODE_SIGN_STYLE = Automatic;
				DEFINES_MODULE = YES;
				DEVELOPMENT_TEAM = NLF7894S7W;
				DYLIB_COMPATIBILITY_VERSION = 1;
				DYLIB_CURRENT_VERSION = 1;
				DYLIB_INSTALL_NAME_BASE = "@rpath";
				ENABLE_MODULE_VERIFIER = YES;
				INFOPLIST_FILE = "$(SRCROOT)/Sensor-App-Framework/Support/Info.plist";
				INSTALL_PATH = "$(LOCAL_LIBRARY_DIR)/Frameworks";
				IPHONEOS_DEPLOYMENT_TARGET = 18.0;
				LD_RUNPATH_SEARCH_PATHS = (
					"$(inherited)",
					"@executable_path/Frameworks",
					"@loader_path/Frameworks",
				);
				MODULE_VERIFIER_SUPPORTED_LANGUAGE_STANDARDS = "gnu11 gnu++14";
				PRODUCT_BUNDLE_IDENTIFIER = "--BUNDLE-IDENTIFIER--Framework";
				PRODUCT_NAME = "$(TARGET_NAME:c99extidentifier)";
				SKIP_INSTALL = YES;
				SUPPORTED_PLATFORMS = "iphoneos iphonesimulator";
				SUPPORTS_MACCATALYST = NO;
				SUPPORTS_MAC_DESIGNED_FOR_IPHONE_IPAD = NO;
				TARGETED_DEVICE_FAMILY = "1,2,4";
				TVOS_DEPLOYMENT_TARGET = 18.0;
				VERSIONING_SYSTEM = "apple-generic";
				VERSION_INFO_PREFIX = "";
			};
			name = Release;
		};
/* End XCBuildConfiguration section */

/* Begin XCConfigurationList section */
		1527B01224C4AA240024DD78 /* Build configuration list for PBXProject "Sensor-App" */ = {
			isa = XCConfigurationList;
			buildConfigurations = (
				1527B03A24C4AA240024DD78 /* Debug */,
				1527B03B24C4AA240024DD78 /* Release */,
			);
			defaultConfigurationIsVisible = 0;
			defaultConfigurationName = Release;
		};
		1527B03C24C4AA240024DD78 /* Build configuration list for PBXNativeTarget "Sensor-App" */ = {
			isa = XCConfigurationList;
			buildConfigurations = (
				1527B03D24C4AA240024DD78 /* Debug */,
				1527B03E24C4AA240024DD78 /* Release */,
			);
			defaultConfigurationIsVisible = 0;
			defaultConfigurationName = Release;
		};
		1527B03F24C4AA240024DD78 /* Build configuration list for PBXNativeTarget "Sensor-AppTests" */ = {
			isa = XCConfigurationList;
			buildConfigurations = (
				1527B04024C4AA240024DD78 /* Debug */,
				1527B04124C4AA240024DD78 /* Release */,
			);
			defaultConfigurationIsVisible = 0;
			defaultConfigurationName = Release;
		};
		1527B04224C4AA240024DD78 /* Build configuration list for PBXNativeTarget "Sensor-AppUITests" */ = {
			isa = XCConfigurationList;
			buildConfigurations = (
				1527B04324C4AA240024DD78 /* Debug */,
				1527B04424C4AA240024DD78 /* Release */,
			);
			defaultConfigurationIsVisible = 0;
			defaultConfigurationName = Release;
		};
		1527B06D24C4AA640024DD78 /* Build configuration list for PBXNativeTarget "Sensor-App-Watch" */ = {
			isa = XCConfigurationList;
			buildConfigurations = (
				1527B06E24C4AA640024DD78 /* Debug */,
				1527B06F24C4AA640024DD78 /* Release */,
			);
			defaultConfigurationIsVisible = 0;
			defaultConfigurationName = Release;
		};
		1527B08224C4ACA20024DD78 /* Build configuration list for PBXNativeTarget "Sensor-App-Framework" */ = {
			isa = XCConfigurationList;
			buildConfigurations = (
				1527B08324C4ACA20024DD78 /* Debug */,
				1527B08424C4ACA20024DD78 /* Release */,
			);
			defaultConfigurationIsVisible = 0;
			defaultConfigurationName = Release;
		};
/* End XCConfigurationList section */
	};
	rootObject = 1527B00F24C4AA240024DD78 /* Project object */;
}
