// !$*UTF8*$!
{
	archiveVersion = 1;
	classes = {
	};
	objectVersion = 52;
	objects = {

/* Begin PBXBuildFile section */
		151101152364518200EC0292 /* ViewButtonModifier.swift in Sources */ = {isa = PBXBuildFile; fileRef = 151101142364518200EC0292 /* ViewButtonModifier.swift */; };
		1511015023648D8000EC0292 /* Sensor_AppUITests.swift in Sources */ = {isa = PBXBuildFile; fileRef = 1511014F23648D8000EC0292 /* Sensor_AppUITests.swift */; };
		1511017623648E9600EC0292 /* CalculationTests.swift in Sources */ = {isa = PBXBuildFile; fileRef = 1511017523648E9600EC0292 /* CalculationTests.swift */; };
		1516CD36232CC55400817C33 /* MotionToolBarView.swift in Sources */ = {isa = PBXBuildFile; fileRef = 1516CD30232CC55400817C33 /* MotionToolBarView.swift */; };
		1516CD38232CC55400817C33 /* MapKitView.swift in Sources */ = {isa = PBXBuildFile; fileRef = 1516CD31232CC55400817C33 /* MapKitView.swift */; };
		1516CD3A232CC55400817C33 /* LocationToolBarView.swift in Sources */ = {isa = PBXBuildFile; fileRef = 1516CD32232CC55400817C33 /* LocationToolBarView.swift */; };
		1516CD3C232CC55400817C33 /* RefreshRateView.swift in Sources */ = {isa = PBXBuildFile; fileRef = 1516CD33232CC55400817C33 /* RefreshRateView.swift */; };
		1516CD46232CC57400817C33 /* GravityView.swift in Sources */ = {isa = PBXBuildFile; fileRef = 1516CD3E232CC57300817C33 /* GravityView.swift */; };
		1516CD4A232CC57400817C33 /* GyroscopeView.swift in Sources */ = {isa = PBXBuildFile; fileRef = 1516CD40232CC57400817C33 /* GyroscopeView.swift */; };
		1516CD4C232CC57400817C33 /* LocationView.swift in Sources */ = {isa = PBXBuildFile; fileRef = 1516CD41232CC57400817C33 /* LocationView.swift */; };
		1516CD4E232CC57400817C33 /* AttitudeView.swift in Sources */ = {isa = PBXBuildFile; fileRef = 1516CD42232CC57400817C33 /* AttitudeView.swift */; };
		1516CD50232CC57400817C33 /* AltitudeView.swift in Sources */ = {isa = PBXBuildFile; fileRef = 1516CD43232CC57400817C33 /* AltitudeView.swift */; };
		1516CD52232CC57400817C33 /* AccelerationView.swift in Sources */ = {isa = PBXBuildFile; fileRef = 1516CD44232CC57400817C33 /* AccelerationView.swift */; };
		1516CD57232D510400817C33 /* SettingsView.swift in Sources */ = {isa = PBXBuildFile; fileRef = 1516CD56232D510400817C33 /* SettingsView.swift */; };
		151F66BC23CB7D4800DAFCD3 /* Localizable.strings in Resources */ = {isa = PBXBuildFile; fileRef = 1577ECAE23300E620061718B /* Localizable.strings */; };
		151F66BD23CB819700DAFCD3 /* CoreLocationAPI.swift in Sources */ = {isa = PBXBuildFile; fileRef = 15DEDA60231D8973008B2327 /* CoreLocationAPI.swift */; };
		151F66BE23CB81AB00DAFCD3 /* CoreLocationAPI.swift in Sources */ = {isa = PBXBuildFile; fileRef = 15DEDA60231D8973008B2327 /* CoreLocationAPI.swift */; };
		151F66BF23CB81AB00DAFCD3 /* CoreLocationAPI.swift in Sources */ = {isa = PBXBuildFile; fileRef = 15DEDA60231D8973008B2327 /* CoreLocationAPI.swift */; };
		151F66C123CB821800DAFCD3 /* AppUpdates.swift in Sources */ = {isa = PBXBuildFile; fileRef = 1557773F23CA6D5400BD563E /* AppUpdates.swift */; };
		151F66C223CB822700DAFCD3 /* CoreLocationViewModel.swift in Sources */ = {isa = PBXBuildFile; fileRef = 15E57B8C234A09630055B4D1 /* CoreLocationViewModel.swift */; };
		151F66C323CB822A00DAFCD3 /* CoreMotionViewModel.swift in Sources */ = {isa = PBXBuildFile; fileRef = 15E57B90234A20790055B4D1 /* CoreMotionViewModel.swift */; };
		151F66C623CB826100DAFCD3 /* Extension.swift in Sources */ = {isa = PBXBuildFile; fileRef = 15BD0A4C2350FCD900784975 /* Extension.swift */; };
		151F66C723CB826300DAFCD3 /* Extension.swift in Sources */ = {isa = PBXBuildFile; fileRef = 15BD0A4C2350FCD900784975 /* Extension.swift */; };
		151F66C823CB82A300DAFCD3 /* CalculationAPI.swift in Sources */ = {isa = PBXBuildFile; fileRef = 15ED0438231EF904001E5005 /* CalculationAPI.swift */; };
		151F66C923CB82A500DAFCD3 /* CalculationAPI.swift in Sources */ = {isa = PBXBuildFile; fileRef = 15ED0438231EF904001E5005 /* CalculationAPI.swift */; };
		151F672A23CB9B4600DAFCD3 /* ViewButtonModifier.swift in Sources */ = {isa = PBXBuildFile; fileRef = 151101142364518200EC0292 /* ViewButtonModifier.swift */; };
		1531AC4C2353968700492189 /* MotionListView.swift in Sources */ = {isa = PBXBuildFile; fileRef = 1531AC4B2353968700492189 /* MotionListView.swift */; };
		154E0FDC235CE3BD00FD426C /* Assets.xcassets in Resources */ = {isa = PBXBuildFile; fileRef = 154E0FDB235CE3BD00FD426C /* Assets.xcassets */; };
		154E0FE3235CE3BD00FD426C /* Sensor-App-WatchApp Extension.appex in Embed App Extensions */ = {isa = PBXBuildFile; fileRef = 154E0FE2235CE3BD00FD426C /* Sensor-App-WatchApp Extension.appex */; settings = {ATTRIBUTES = (RemoveHeadersOnCopy, ); }; };
		154E0FE8235CE3BD00FD426C /* ContentView.swift in Sources */ = {isa = PBXBuildFile; fileRef = 154E0FE7235CE3BD00FD426C /* ContentView.swift */; };
		154E0FEA235CE3BD00FD426C /* HostingController.swift in Sources */ = {isa = PBXBuildFile; fileRef = 154E0FE9235CE3BD00FD426C /* HostingController.swift */; };
		154E0FEC235CE3BD00FD426C /* ExtensionDelegate.swift in Sources */ = {isa = PBXBuildFile; fileRef = 154E0FEB235CE3BD00FD426C /* ExtensionDelegate.swift */; };
		154E0FEE235CE3BD00FD426C /* Assets.xcassets in Resources */ = {isa = PBXBuildFile; fileRef = 154E0FED235CE3BD00FD426C /* Assets.xcassets */; };
		154E0FF1235CE3BD00FD426C /* Preview Assets.xcassets in Resources */ = {isa = PBXBuildFile; fileRef = 154E0FF0235CE3BD00FD426C /* Preview Assets.xcassets */; };
		154E0FF5235CE3BD00FD426C /* Sensor-App-WatchApp.app in Embed Watch Content */ = {isa = PBXBuildFile; fileRef = 154E0FD6235CE3BC00FD426C /* Sensor-App-WatchApp.app */; settings = {ATTRIBUTES = (RemoveHeadersOnCopy, ); }; };
		1550FA7C232C0435006447AE /* SceneDelegate.swift in Sources */ = {isa = PBXBuildFile; fileRef = 1550FA7B232C0435006447AE /* SceneDelegate.swift */; };
		1550FA88232C06C7006447AE /* Preview Assets.xcassets in Resources */ = {isa = PBXBuildFile; fileRef = 1550FA87232C06C7006447AE /* Preview Assets.xcassets */; };
		1557774023CA6D5400BD563E /* AppUpdates.swift in Sources */ = {isa = PBXBuildFile; fileRef = 1557773F23CA6D5400BD563E /* AppUpdates.swift */; };
		1557774123CA6F3200BD563E /* AppUpdates.swift in Sources */ = {isa = PBXBuildFile; fileRef = 1557773F23CA6D5400BD563E /* AppUpdates.swift */; };
		1557774923CA763000BD563E /* SettingsAPI.swift in Sources */ = {isa = PBXBuildFile; fileRef = 15FC73322280A09B0077CB8A /* SettingsAPI.swift */; };
		1557774A23CA777900BD563E /* CalculationAPI.swift in Sources */ = {isa = PBXBuildFile; fileRef = 15ED0438231EF904001E5005 /* CalculationAPI.swift */; };
		1557774C23CA777F00BD563E /* CoreMotionAPI.swift in Sources */ = {isa = PBXBuildFile; fileRef = 15DEDA66231DA97B008B2327 /* CoreMotionAPI.swift */; };
		1557774D23CA778200BD563E /* NotificationAPI.swift in Sources */ = {isa = PBXBuildFile; fileRef = 15A062AA233FCDD800F5DC6F /* NotificationAPI.swift */; };
		1557774E23CA77D300BD563E /* Extension.swift in Sources */ = {isa = PBXBuildFile; fileRef = 15BD0A4C2350FCD900784975 /* Extension.swift */; };
		1557774F23CA795A00BD563E /* AltitudeModel.swift in Sources */ = {isa = PBXBuildFile; fileRef = 15ED0436231EF6EE001E5005 /* AltitudeModel.swift */; };
		1557775023CA795C00BD563E /* LocationModel.swift in Sources */ = {isa = PBXBuildFile; fileRef = 15DEDA62231D9E84008B2327 /* LocationModel.swift */; };
		1557775123CA795E00BD563E /* MotionModel.swift in Sources */ = {isa = PBXBuildFile; fileRef = 15DEDA64231DA6F3008B2327 /* MotionModel.swift */; };
		1557775223CA796100BD563E /* NotificationModel.swift in Sources */ = {isa = PBXBuildFile; fileRef = 15A062AD233FD2D100F5DC6F /* NotificationModel.swift */; };
		1557775323CA796400BD563E /* SensorType.swift in Sources */ = {isa = PBXBuildFile; fileRef = 15995DF2234F9D4B00C0DDA0 /* SensorType.swift */; };
		1577ECA72330072A0061718B /* ContentView.swift in Sources */ = {isa = PBXBuildFile; fileRef = 1577ECA62330072A0061718B /* ContentView.swift */; };
		1577ECAA233007630061718B /* MagnetometerView.swift in Sources */ = {isa = PBXBuildFile; fileRef = 1577ECA9233007630061718B /* MagnetometerView.swift */; };
		157B0E73227F57D6004CC169 /* AppDelegate.swift in Sources */ = {isa = PBXBuildFile; fileRef = 157B0E72227F57D6004CC169 /* AppDelegate.swift */; };
		157B0E7A227F57D7004CC169 /* Assets.xcassets in Resources */ = {isa = PBXBuildFile; fileRef = 157B0E79227F57D7004CC169 /* Assets.xcassets */; };
		157D91CB23814C6500371C2F /* Sensor_App_Framework.h in Headers */ = {isa = PBXBuildFile; fileRef = 157D91C923814C6500371C2F /* Sensor_App_Framework.h */; settings = {ATTRIBUTES = (Public, ); }; };
		157D91CE23814C6500371C2F /* Sensor_App_Framework.framework in Frameworks */ = {isa = PBXBuildFile; fileRef = 157D91C723814C6500371C2F /* Sensor_App_Framework.framework */; };
		157D91CF23814C6500371C2F /* Sensor_App_Framework.framework in Embed Frameworks */ = {isa = PBXBuildFile; fileRef = 157D91C723814C6500371C2F /* Sensor_App_Framework.framework */; settings = {ATTRIBUTES = (CodeSignOnCopy, RemoveHeadersOnCopy, ); }; };
		157ECB4B23832A3800890291 /* CoreLocationViewModel.swift in Sources */ = {isa = PBXBuildFile; fileRef = 15E57B8C234A09630055B4D1 /* CoreLocationViewModel.swift */; };
		15841D452381767500E031B9 /* LocationView.swift in Sources */ = {isa = PBXBuildFile; fileRef = 15841D442381767500E031B9 /* LocationView.swift */; };
		15841D482381768700E031B9 /* AccelerationView.swift in Sources */ = {isa = PBXBuildFile; fileRef = 15841D472381768700E031B9 /* AccelerationView.swift */; };
		15841D4B2381769400E031B9 /* GravityView.swift in Sources */ = {isa = PBXBuildFile; fileRef = 15841D4A2381769400E031B9 /* GravityView.swift */; };
		15841D4E238176A400E031B9 /* GyroscopeView.swift in Sources */ = {isa = PBXBuildFile; fileRef = 15841D4D238176A400E031B9 /* GyroscopeView.swift */; };
		15841D51238176AD00E031B9 /* MagnetometerView.swift in Sources */ = {isa = PBXBuildFile; fileRef = 15841D50238176AD00E031B9 /* MagnetometerView.swift */; };
		15841D54238176B900E031B9 /* AttitudeView.swift in Sources */ = {isa = PBXBuildFile; fileRef = 15841D53238176B900E031B9 /* AttitudeView.swift */; };
		15841D57238176C100E031B9 /* AltitudeView.swift in Sources */ = {isa = PBXBuildFile; fileRef = 15841D56238176C100E031B9 /* AltitudeView.swift */; };
		15841D5A238176CB00E031B9 /* SettingsView.swift in Sources */ = {isa = PBXBuildFile; fileRef = 15841D59238176CB00E031B9 /* SettingsView.swift */; };
		15841D5E238179C500E031B9 /* CoreMotionViewModel.swift in Sources */ = {isa = PBXBuildFile; fileRef = 15E57B90234A20790055B4D1 /* CoreMotionViewModel.swift */; };
		15841D6D23817A0000E031B9 /* SettingsAPI.swift in Sources */ = {isa = PBXBuildFile; fileRef = 15FC73322280A09B0077CB8A /* SettingsAPI.swift */; };
		15841D6F23817A0300E031B9 /* AltitudeModel.swift in Sources */ = {isa = PBXBuildFile; fileRef = 15ED0436231EF6EE001E5005 /* AltitudeModel.swift */; };
		15841D7323817A0900E031B9 /* LocationModel.swift in Sources */ = {isa = PBXBuildFile; fileRef = 15DEDA62231D9E84008B2327 /* LocationModel.swift */; };
		15841D7523817A0D00E031B9 /* MotionModel.swift in Sources */ = {isa = PBXBuildFile; fileRef = 15DEDA64231DA6F3008B2327 /* MotionModel.swift */; };
		15841D7723817A1200E031B9 /* NotificationModel.swift in Sources */ = {isa = PBXBuildFile; fileRef = 15A062AD233FD2D100F5DC6F /* NotificationModel.swift */; };
		15841D7B23817A1800E031B9 /* SensorType.swift in Sources */ = {isa = PBXBuildFile; fileRef = 15995DF2234F9D4B00C0DDA0 /* SensorType.swift */; };
		15841D8023817A2F00E031B9 /* InfoPlist.strings in Resources */ = {isa = PBXBuildFile; fileRef = 1577ECB2233019300061718B /* InfoPlist.strings */; };
		15841D8123817A3400E031B9 /* Localizable.strings in Resources */ = {isa = PBXBuildFile; fileRef = 1577ECAE23300E620061718B /* Localizable.strings */; };
		15841D8323817A8E00E031B9 /* CoreMotionAPI.swift in Sources */ = {isa = PBXBuildFile; fileRef = 15DEDA66231DA97B008B2327 /* CoreMotionAPI.swift */; };
		15841D8523818B4700E031B9 /* Localizable.strings in Resources */ = {isa = PBXBuildFile; fileRef = 1577ECAE23300E620061718B /* Localizable.strings */; };
		15841D8623818B4700E031B9 /* Localizable.strings in Resources */ = {isa = PBXBuildFile; fileRef = 1577ECAE23300E620061718B /* Localizable.strings */; };
		158BC8C92341094B001A5EBD /* NotificationView.swift in Sources */ = {isa = PBXBuildFile; fileRef = 158BC8C82341094B001A5EBD /* NotificationView.swift */; };
		15995DF3234F9D4B00C0DDA0 /* SensorType.swift in Sources */ = {isa = PBXBuildFile; fileRef = 15995DF2234F9D4B00C0DDA0 /* SensorType.swift */; };
		15A062A5233F941C00F5DC6F /* NotificationMessageView.swift in Sources */ = {isa = PBXBuildFile; fileRef = 15A062A4233F941C00F5DC6F /* NotificationMessageView.swift */; };
		15A062AB233FCDD800F5DC6F /* NotificationAPI.swift in Sources */ = {isa = PBXBuildFile; fileRef = 15A062AA233FCDD800F5DC6F /* NotificationAPI.swift */; };
		15A062AE233FD2D100F5DC6F /* NotificationModel.swift in Sources */ = {isa = PBXBuildFile; fileRef = 15A062AD233FD2D100F5DC6F /* NotificationModel.swift */; };
		15A7F69E236C38BF009FCF1D /* Localizable.strings in Resources */ = {isa = PBXBuildFile; fileRef = 1577ECAE23300E620061718B /* Localizable.strings */; };
		15A7F6A0236C38C0009FCF1D /* Localizable.strings in Resources */ = {isa = PBXBuildFile; fileRef = 1577ECAE23300E620061718B /* Localizable.strings */; };
		15A7F6A6236C5794009FCF1D /* ScreenshotUITests.swift in Sources */ = {isa = PBXBuildFile; fileRef = 15A7F6A5236C5794009FCF1D /* ScreenshotUITests.swift */; };
		15A7F6A8236C5EFD009FCF1D /* InfoPlist.strings in Resources */ = {isa = PBXBuildFile; fileRef = 1577ECB2233019300061718B /* InfoPlist.strings */; };
		15A7F6AD236C5FD9009FCF1D /* Interface.storyboard in Resources */ = {isa = PBXBuildFile; fileRef = 15A7F6AC236C5FD9009FCF1D /* Interface.storyboard */; };
		15C559C223BA36D800812942 /* SwiftUIView.swift in Sources */ = {isa = PBXBuildFile; fileRef = 15C559C123BA36D800812942 /* SwiftUIView.swift */; };
		15C559C523BA3A9F00812942 /* SwiftUIChart.swift in Sources */ = {isa = PBXBuildFile; fileRef = 15C559C423BA3A9F00812942 /* SwiftUIChart.swift */; };
		15DDE35A2337EC8100732427 /* LaunchScreen.storyboard in Resources */ = {isa = PBXBuildFile; fileRef = 15DDE3592337EC8100732427 /* LaunchScreen.storyboard */; };
		15DEDA63231D9E84008B2327 /* LocationModel.swift in Sources */ = {isa = PBXBuildFile; fileRef = 15DEDA62231D9E84008B2327 /* LocationModel.swift */; };
		15DEDA65231DA6F3008B2327 /* MotionModel.swift in Sources */ = {isa = PBXBuildFile; fileRef = 15DEDA64231DA6F3008B2327 /* MotionModel.swift */; };
		15DEDA67231DA97B008B2327 /* CoreMotionAPI.swift in Sources */ = {isa = PBXBuildFile; fileRef = 15DEDA66231DA97B008B2327 /* CoreMotionAPI.swift */; };
		15E57B8D234A09630055B4D1 /* CoreLocationViewModel.swift in Sources */ = {isa = PBXBuildFile; fileRef = 15E57B8C234A09630055B4D1 /* CoreLocationViewModel.swift */; };
		15E57B91234A20790055B4D1 /* CoreMotionViewModel.swift in Sources */ = {isa = PBXBuildFile; fileRef = 15E57B90234A20790055B4D1 /* CoreMotionViewModel.swift */; };
		15ED0437231EF6EE001E5005 /* AltitudeModel.swift in Sources */ = {isa = PBXBuildFile; fileRef = 15ED0436231EF6EE001E5005 /* AltitudeModel.swift */; };
		15FC73332280A09B0077CB8A /* SettingsAPI.swift in Sources */ = {isa = PBXBuildFile; fileRef = 15FC73322280A09B0077CB8A /* SettingsAPI.swift */; };
/* End PBXBuildFile section */

/* Begin PBXContainerItemProxy section */
		1511014423648D4000EC0292 /* PBXContainerItemProxy */ = {
			isa = PBXContainerItemProxy;
			containerPortal = 157B0E67227F57D6004CC169 /* Project object */;
			proxyType = 1;
			remoteGlobalIDString = 157B0E6E227F57D6004CC169;
			remoteInfo = "Sensor-App";
		};
		1511015223648D8000EC0292 /* PBXContainerItemProxy */ = {
			isa = PBXContainerItemProxy;
			containerPortal = 157B0E67227F57D6004CC169 /* Project object */;
			proxyType = 1;
			remoteGlobalIDString = 157B0E6E227F57D6004CC169;
			remoteInfo = "Sensor-App";
		};
		154E0FE4235CE3BD00FD426C /* PBXContainerItemProxy */ = {
			isa = PBXContainerItemProxy;
			containerPortal = 157B0E67227F57D6004CC169 /* Project object */;
			proxyType = 1;
			remoteGlobalIDString = 154E0FE1235CE3BD00FD426C;
			remoteInfo = "Sensor-App-WatchApp Extension";
		};
		154E0FF3235CE3BD00FD426C /* PBXContainerItemProxy */ = {
			isa = PBXContainerItemProxy;
			containerPortal = 157B0E67227F57D6004CC169 /* Project object */;
			proxyType = 1;
			remoteGlobalIDString = 154E0FD5235CE3BC00FD426C;
			remoteInfo = "Sensor-App-WatchApp";
		};
		157D91CC23814C6500371C2F /* PBXContainerItemProxy */ = {
			isa = PBXContainerItemProxy;
			containerPortal = 157B0E67227F57D6004CC169 /* Project object */;
			proxyType = 1;
			remoteGlobalIDString = 157D91C623814C6500371C2F;
			remoteInfo = "Sensor-App-Framework";
		};
/* End PBXContainerItemProxy section */

/* Begin PBXCopyFilesBuildPhase section */
		154E0FF6235CE3BD00FD426C /* Embed Watch Content */ = {
			isa = PBXCopyFilesBuildPhase;
			buildActionMask = 2147483647;
			dstPath = "$(CONTENTS_FOLDER_PATH)/Watch";
			dstSubfolderSpec = 16;
			files = (
				154E0FF5235CE3BD00FD426C /* Sensor-App-WatchApp.app in Embed Watch Content */,
			);
			name = "Embed Watch Content";
			runOnlyForDeploymentPostprocessing = 0;
		};
		154E0FF9235CE3BD00FD426C /* Embed App Extensions */ = {
			isa = PBXCopyFilesBuildPhase;
			buildActionMask = 2147483647;
			dstPath = "";
			dstSubfolderSpec = 13;
			files = (
				154E0FE3235CE3BD00FD426C /* Sensor-App-WatchApp Extension.appex in Embed App Extensions */,
			);
			name = "Embed App Extensions";
			runOnlyForDeploymentPostprocessing = 0;
		};
		157D91D023814C6500371C2F /* Embed Frameworks */ = {
			isa = PBXCopyFilesBuildPhase;
			buildActionMask = 2147483647;
			dstPath = "";
			dstSubfolderSpec = 10;
			files = (
				157D91CF23814C6500371C2F /* Sensor_App_Framework.framework in Embed Frameworks */,
			);
			name = "Embed Frameworks";
			runOnlyForDeploymentPostprocessing = 0;
		};
/* End PBXCopyFilesBuildPhase section */

/* Begin PBXFileReference section */
		151101142364518200EC0292 /* ViewButtonModifier.swift */ = {isa = PBXFileReference; lastKnownFileType = sourcecode.swift; path = ViewButtonModifier.swift; sourceTree = "<group>"; };
		1511013F23648D4000EC0292 /* Sensor-AppTests.xctest */ = {isa = PBXFileReference; explicitFileType = wrapper.cfbundle; includeInIndex = 0; path = "Sensor-AppTests.xctest"; sourceTree = BUILT_PRODUCTS_DIR; };
		1511014323648D4000EC0292 /* Info.plist */ = {isa = PBXFileReference; lastKnownFileType = text.plist.xml; path = Info.plist; sourceTree = "<group>"; };
		1511014D23648D8000EC0292 /* Sensor-AppUITests.xctest */ = {isa = PBXFileReference; explicitFileType = wrapper.cfbundle; includeInIndex = 0; path = "Sensor-AppUITests.xctest"; sourceTree = BUILT_PRODUCTS_DIR; };
		1511014F23648D8000EC0292 /* Sensor_AppUITests.swift */ = {isa = PBXFileReference; lastKnownFileType = sourcecode.swift; path = Sensor_AppUITests.swift; sourceTree = "<group>"; };
		1511015123648D8000EC0292 /* Info.plist */ = {isa = PBXFileReference; lastKnownFileType = text.plist.xml; path = Info.plist; sourceTree = "<group>"; };
		1511017523648E9600EC0292 /* CalculationTests.swift */ = {isa = PBXFileReference; lastKnownFileType = sourcecode.swift; path = CalculationTests.swift; sourceTree = "<group>"; };
		1516CD30232CC55400817C33 /* MotionToolBarView.swift */ = {isa = PBXFileReference; fileEncoding = 4; lastKnownFileType = sourcecode.swift; path = MotionToolBarView.swift; sourceTree = "<group>"; };
		1516CD31232CC55400817C33 /* MapKitView.swift */ = {isa = PBXFileReference; fileEncoding = 4; lastKnownFileType = sourcecode.swift; path = MapKitView.swift; sourceTree = "<group>"; };
		1516CD32232CC55400817C33 /* LocationToolBarView.swift */ = {isa = PBXFileReference; fileEncoding = 4; lastKnownFileType = sourcecode.swift; path = LocationToolBarView.swift; sourceTree = "<group>"; };
		1516CD33232CC55400817C33 /* RefreshRateView.swift */ = {isa = PBXFileReference; fileEncoding = 4; lastKnownFileType = sourcecode.swift; path = RefreshRateView.swift; sourceTree = "<group>"; };
		1516CD3E232CC57300817C33 /* GravityView.swift */ = {isa = PBXFileReference; fileEncoding = 4; lastKnownFileType = sourcecode.swift; path = GravityView.swift; sourceTree = "<group>"; };
		1516CD40232CC57400817C33 /* GyroscopeView.swift */ = {isa = PBXFileReference; fileEncoding = 4; lastKnownFileType = sourcecode.swift; path = GyroscopeView.swift; sourceTree = "<group>"; };
		1516CD41232CC57400817C33 /* LocationView.swift */ = {isa = PBXFileReference; fileEncoding = 4; lastKnownFileType = sourcecode.swift; path = LocationView.swift; sourceTree = "<group>"; };
		1516CD42232CC57400817C33 /* AttitudeView.swift */ = {isa = PBXFileReference; fileEncoding = 4; lastKnownFileType = sourcecode.swift; path = AttitudeView.swift; sourceTree = "<group>"; };
		1516CD43232CC57400817C33 /* AltitudeView.swift */ = {isa = PBXFileReference; fileEncoding = 4; lastKnownFileType = sourcecode.swift; path = AltitudeView.swift; sourceTree = "<group>"; };
		1516CD44232CC57400817C33 /* AccelerationView.swift */ = {isa = PBXFileReference; fileEncoding = 4; lastKnownFileType = sourcecode.swift; path = AccelerationView.swift; sourceTree = "<group>"; };
		1516CD56232D510400817C33 /* SettingsView.swift */ = {isa = PBXFileReference; fileEncoding = 4; lastKnownFileType = sourcecode.swift; path = SettingsView.swift; sourceTree = "<group>"; };
		1531AC4B2353968700492189 /* MotionListView.swift */ = {isa = PBXFileReference; lastKnownFileType = sourcecode.swift; path = MotionListView.swift; sourceTree = "<group>"; };
		154E0FD6235CE3BC00FD426C /* Sensor-App-WatchApp.app */ = {isa = PBXFileReference; explicitFileType = wrapper.application; includeInIndex = 0; path = "Sensor-App-WatchApp.app"; sourceTree = BUILT_PRODUCTS_DIR; };
		154E0FDB235CE3BD00FD426C /* Assets.xcassets */ = {isa = PBXFileReference; lastKnownFileType = folder.assetcatalog; path = Assets.xcassets; sourceTree = "<group>"; };
		154E0FDD235CE3BD00FD426C /* Info.plist */ = {isa = PBXFileReference; lastKnownFileType = text.plist.xml; path = Info.plist; sourceTree = "<group>"; };
		154E0FE2235CE3BD00FD426C /* Sensor-App-WatchApp Extension.appex */ = {isa = PBXFileReference; explicitFileType = "wrapper.app-extension"; includeInIndex = 0; path = "Sensor-App-WatchApp Extension.appex"; sourceTree = BUILT_PRODUCTS_DIR; };
		154E0FE7235CE3BD00FD426C /* ContentView.swift */ = {isa = PBXFileReference; lastKnownFileType = sourcecode.swift; path = ContentView.swift; sourceTree = "<group>"; };
		154E0FE9235CE3BD00FD426C /* HostingController.swift */ = {isa = PBXFileReference; lastKnownFileType = sourcecode.swift; path = HostingController.swift; sourceTree = "<group>"; };
		154E0FEB235CE3BD00FD426C /* ExtensionDelegate.swift */ = {isa = PBXFileReference; lastKnownFileType = sourcecode.swift; path = ExtensionDelegate.swift; sourceTree = "<group>"; };
		154E0FED235CE3BD00FD426C /* Assets.xcassets */ = {isa = PBXFileReference; lastKnownFileType = folder.assetcatalog; path = Assets.xcassets; sourceTree = "<group>"; };
		154E0FF0235CE3BD00FD426C /* Preview Assets.xcassets */ = {isa = PBXFileReference; lastKnownFileType = folder.assetcatalog; path = "Preview Assets.xcassets"; sourceTree = "<group>"; };
		154E0FF2235CE3BD00FD426C /* Info.plist */ = {isa = PBXFileReference; lastKnownFileType = text.plist.xml; path = Info.plist; sourceTree = "<group>"; };
		1550FA7B232C0435006447AE /* SceneDelegate.swift */ = {isa = PBXFileReference; lastKnownFileType = sourcecode.swift; path = SceneDelegate.swift; sourceTree = "<group>"; };
		1550FA87232C06C7006447AE /* Preview Assets.xcassets */ = {isa = PBXFileReference; lastKnownFileType = folder.assetcatalog; path = "Preview Assets.xcassets"; sourceTree = "<group>"; };
		1557773F23CA6D5400BD563E /* AppUpdates.swift */ = {isa = PBXFileReference; lastKnownFileType = sourcecode.swift; path = AppUpdates.swift; sourceTree = "<group>"; };
		156FC3CC22A2D9ED00B70943 /* Info.plist */ = {isa = PBXFileReference; lastKnownFileType = text.plist.xml; path = Info.plist; sourceTree = "<group>"; };
		1577ECA62330072A0061718B /* ContentView.swift */ = {isa = PBXFileReference; fileEncoding = 10; lastKnownFileType = sourcecode.swift; path = ContentView.swift; sourceTree = "<group>"; };
		1577ECA9233007630061718B /* MagnetometerView.swift */ = {isa = PBXFileReference; lastKnownFileType = sourcecode.swift; path = MagnetometerView.swift; sourceTree = "<group>"; };
		1577ECAF23300E620061718B /* de */ = {isa = PBXFileReference; lastKnownFileType = text.plist.strings; name = de; path = de.lproj/Localizable.strings; sourceTree = "<group>"; };
		1577ECB3233019300061718B /* de */ = {isa = PBXFileReference; lastKnownFileType = text.plist.strings; name = de; path = de.lproj/InfoPlist.strings; sourceTree = "<group>"; };
		157B0E6F227F57D6004CC169 /* Sensor-App.app */ = {isa = PBXFileReference; explicitFileType = wrapper.application; includeInIndex = 0; path = "Sensor-App.app"; sourceTree = BUILT_PRODUCTS_DIR; };
		157B0E72227F57D6004CC169 /* AppDelegate.swift */ = {isa = PBXFileReference; lastKnownFileType = sourcecode.swift; path = AppDelegate.swift; sourceTree = "<group>"; };
		157B0E79227F57D7004CC169 /* Assets.xcassets */ = {isa = PBXFileReference; lastKnownFileType = folder.assetcatalog; path = Assets.xcassets; sourceTree = "<group>"; };
		157D91C723814C6500371C2F /* Sensor_App_Framework.framework */ = {isa = PBXFileReference; explicitFileType = wrapper.framework; includeInIndex = 0; path = Sensor_App_Framework.framework; sourceTree = BUILT_PRODUCTS_DIR; };
		157D91C923814C6500371C2F /* Sensor_App_Framework.h */ = {isa = PBXFileReference; lastKnownFileType = sourcecode.c.h; path = Sensor_App_Framework.h; sourceTree = "<group>"; };
		157D91CA23814C6500371C2F /* Info.plist */ = {isa = PBXFileReference; lastKnownFileType = text.plist.xml; path = Info.plist; sourceTree = "<group>"; };
		15841D442381767500E031B9 /* LocationView.swift */ = {isa = PBXFileReference; lastKnownFileType = sourcecode.swift; path = LocationView.swift; sourceTree = "<group>"; };
		15841D472381768700E031B9 /* AccelerationView.swift */ = {isa = PBXFileReference; lastKnownFileType = sourcecode.swift; path = AccelerationView.swift; sourceTree = "<group>"; };
		15841D4A2381769400E031B9 /* GravityView.swift */ = {isa = PBXFileReference; lastKnownFileType = sourcecode.swift; path = GravityView.swift; sourceTree = "<group>"; };
		15841D4D238176A400E031B9 /* GyroscopeView.swift */ = {isa = PBXFileReference; lastKnownFileType = sourcecode.swift; path = GyroscopeView.swift; sourceTree = "<group>"; };
		15841D50238176AD00E031B9 /* MagnetometerView.swift */ = {isa = PBXFileReference; lastKnownFileType = sourcecode.swift; path = MagnetometerView.swift; sourceTree = "<group>"; };
		15841D53238176B900E031B9 /* AttitudeView.swift */ = {isa = PBXFileReference; lastKnownFileType = sourcecode.swift; path = AttitudeView.swift; sourceTree = "<group>"; };
		15841D56238176C100E031B9 /* AltitudeView.swift */ = {isa = PBXFileReference; lastKnownFileType = sourcecode.swift; path = AltitudeView.swift; sourceTree = "<group>"; };
		15841D59238176CB00E031B9 /* SettingsView.swift */ = {isa = PBXFileReference; lastKnownFileType = sourcecode.swift; path = SettingsView.swift; sourceTree = "<group>"; };
		158BC8C82341094B001A5EBD /* NotificationView.swift */ = {isa = PBXFileReference; lastKnownFileType = sourcecode.swift; path = NotificationView.swift; sourceTree = "<group>"; };
		15995DF2234F9D4B00C0DDA0 /* SensorType.swift */ = {isa = PBXFileReference; lastKnownFileType = sourcecode.swift; path = SensorType.swift; sourceTree = "<group>"; };
		15A062A4233F941C00F5DC6F /* NotificationMessageView.swift */ = {isa = PBXFileReference; lastKnownFileType = sourcecode.swift; path = NotificationMessageView.swift; sourceTree = "<group>"; };
		15A062AA233FCDD800F5DC6F /* NotificationAPI.swift */ = {isa = PBXFileReference; lastKnownFileType = sourcecode.swift; path = NotificationAPI.swift; sourceTree = "<group>"; };
		15A062AD233FD2D100F5DC6F /* NotificationModel.swift */ = {isa = PBXFileReference; lastKnownFileType = sourcecode.swift; path = NotificationModel.swift; sourceTree = "<group>"; };
		15A7F6A5236C5794009FCF1D /* ScreenshotUITests.swift */ = {isa = PBXFileReference; lastKnownFileType = sourcecode.swift; path = ScreenshotUITests.swift; sourceTree = "<group>"; };
		15A7F6AC236C5FD9009FCF1D /* Interface.storyboard */ = {isa = PBXFileReference; fileEncoding = 4; lastKnownFileType = file.storyboard; path = Interface.storyboard; sourceTree = "<group>"; };
		15BD0A4C2350FCD900784975 /* Extension.swift */ = {isa = PBXFileReference; lastKnownFileType = sourcecode.swift; path = Extension.swift; sourceTree = "<group>"; };
		15C559C123BA36D800812942 /* SwiftUIView.swift */ = {isa = PBXFileReference; lastKnownFileType = sourcecode.swift; path = SwiftUIView.swift; sourceTree = "<group>"; };
		15C559C423BA3A9F00812942 /* SwiftUIChart.swift */ = {isa = PBXFileReference; lastKnownFileType = sourcecode.swift; path = SwiftUIChart.swift; sourceTree = "<group>"; };
		15C559D523BA545900812942 /* MyPlayground.playground */ = {isa = PBXFileReference; lastKnownFileType = file.playground; path = MyPlayground.playground; sourceTree = "<group>"; };
		15DDE3592337EC8100732427 /* LaunchScreen.storyboard */ = {isa = PBXFileReference; lastKnownFileType = file.storyboard; path = LaunchScreen.storyboard; sourceTree = "<group>"; };
		15DEDA60231D8973008B2327 /* CoreLocationAPI.swift */ = {isa = PBXFileReference; lastKnownFileType = sourcecode.swift; path = CoreLocationAPI.swift; sourceTree = "<group>"; };
		15DEDA62231D9E84008B2327 /* LocationModel.swift */ = {isa = PBXFileReference; lastKnownFileType = sourcecode.swift; path = LocationModel.swift; sourceTree = "<group>"; };
		15DEDA64231DA6F3008B2327 /* MotionModel.swift */ = {isa = PBXFileReference; lastKnownFileType = sourcecode.swift; path = MotionModel.swift; sourceTree = "<group>"; };
		15DEDA66231DA97B008B2327 /* CoreMotionAPI.swift */ = {isa = PBXFileReference; lastKnownFileType = sourcecode.swift; path = CoreMotionAPI.swift; sourceTree = "<group>"; };
		15E57B8C234A09630055B4D1 /* CoreLocationViewModel.swift */ = {isa = PBXFileReference; lastKnownFileType = sourcecode.swift; path = CoreLocationViewModel.swift; sourceTree = "<group>"; };
		15E57B90234A20790055B4D1 /* CoreMotionViewModel.swift */ = {isa = PBXFileReference; lastKnownFileType = sourcecode.swift; path = CoreMotionViewModel.swift; sourceTree = "<group>"; };
		15ED0436231EF6EE001E5005 /* AltitudeModel.swift */ = {isa = PBXFileReference; lastKnownFileType = sourcecode.swift; path = AltitudeModel.swift; sourceTree = "<group>"; };
		15ED0438231EF904001E5005 /* CalculationAPI.swift */ = {isa = PBXFileReference; lastKnownFileType = sourcecode.swift; path = CalculationAPI.swift; sourceTree = "<group>"; };
		15FC73322280A09B0077CB8A /* SettingsAPI.swift */ = {isa = PBXFileReference; lastKnownFileType = sourcecode.swift; path = SettingsAPI.swift; sourceTree = "<group>"; };
/* End PBXFileReference section */

/* Begin PBXFrameworksBuildPhase section */
		1511013C23648D4000EC0292 /* Frameworks */ = {
			isa = PBXFrameworksBuildPhase;
			buildActionMask = 2147483647;
			files = (
			);
			runOnlyForDeploymentPostprocessing = 0;
		};
		1511014A23648D8000EC0292 /* Frameworks */ = {
			isa = PBXFrameworksBuildPhase;
			buildActionMask = 2147483647;
			files = (
			);
			runOnlyForDeploymentPostprocessing = 0;
		};
		154E0FDF235CE3BD00FD426C /* Frameworks */ = {
			isa = PBXFrameworksBuildPhase;
			buildActionMask = 2147483647;
			files = (
			);
			runOnlyForDeploymentPostprocessing = 0;
		};
		157B0E6C227F57D6004CC169 /* Frameworks */ = {
			isa = PBXFrameworksBuildPhase;
			buildActionMask = 2147483647;
			files = (
				157D91CE23814C6500371C2F /* Sensor_App_Framework.framework in Frameworks */,
			);
			runOnlyForDeploymentPostprocessing = 0;
		};
		157D91C423814C6500371C2F /* Frameworks */ = {
			isa = PBXFrameworksBuildPhase;
			buildActionMask = 2147483647;
			files = (
			);
			runOnlyForDeploymentPostprocessing = 0;
		};
/* End PBXFrameworksBuildPhase section */

/* Begin PBXGroup section */
		150CF9C8231D831000FDD825 /* Playground */ = {
			isa = PBXGroup;
			children = (
				15C559D523BA545900812942 /* MyPlayground.playground */,
			);
			path = Playground;
			sourceTree = "<group>";
		};
		150CF9C9231D84E800FDD825 /* API */ = {
			isa = PBXGroup;
			children = (
				1557773F23CA6D5400BD563E /* AppUpdates.swift */,
				15ED0438231EF904001E5005 /* CalculationAPI.swift */,
				15DEDA60231D8973008B2327 /* CoreLocationAPI.swift */,
				15DEDA66231DA97B008B2327 /* CoreMotionAPI.swift */,
				15A062AA233FCDD800F5DC6F /* NotificationAPI.swift */,
				15FC73322280A09B0077CB8A /* SettingsAPI.swift */,
			);
			path = API;
			sourceTree = "<group>";
		};
		1511014023648D4000EC0292 /* Sensor-AppTests */ = {
			isa = PBXGroup;
			children = (
				1511014323648D4000EC0292 /* Info.plist */,
				1511017523648E9600EC0292 /* CalculationTests.swift */,
			);
			path = "Sensor-AppTests";
			sourceTree = "<group>";
		};
		1511014E23648D8000EC0292 /* Sensor-AppUITests */ = {
			isa = PBXGroup;
			children = (
				1511015123648D8000EC0292 /* Info.plist */,
				15A7F6A5236C5794009FCF1D /* ScreenshotUITests.swift */,
				1511014F23648D8000EC0292 /* Sensor_AppUITests.swift */,
			);
			path = "Sensor-AppUITests";
			sourceTree = "<group>";
		};
		1516CD2E232CC54600817C33 /* ViewModel */ = {
			isa = PBXGroup;
			children = (
				15E57B8C234A09630055B4D1 /* CoreLocationViewModel.swift */,
				15E57B90234A20790055B4D1 /* CoreMotionViewModel.swift */,
			);
			path = ViewModel;
			sourceTree = "<group>";
		};
		151F672B23CB9B6900DAFCD3 /* Customization */ = {
			isa = PBXGroup;
			children = (
				15BD0A4C2350FCD900784975 /* Extension.swift */,
				151101142364518200EC0292 /* ViewButtonModifier.swift */,
			);
			path = Customization;
			sourceTree = "<group>";
		};
		154E0FD7235CE3BC00FD426C /* Sensor-App-WatchApp */ = {
			isa = PBXGroup;
			children = (
				154E0FDD235CE3BD00FD426C /* Info.plist */,
				15A7F6AC236C5FD9009FCF1D /* Interface.storyboard */,
				154E0FDB235CE3BD00FD426C /* Assets.xcassets */,
			);
			path = "Sensor-App-WatchApp";
			sourceTree = "<group>";
		};
		154E0FE6235CE3BD00FD426C /* Sensor-App-WatchApp Extension */ = {
			isa = PBXGroup;
			children = (
				154E0FF2235CE3BD00FD426C /* Info.plist */,
				154E0FEB235CE3BD00FD426C /* ExtensionDelegate.swift */,
				154E0FE9235CE3BD00FD426C /* HostingController.swift */,
				154E0FED235CE3BD00FD426C /* Assets.xcassets */,
				154E0FEF235CE3BD00FD426C /* Preview Content */,
				157D91D4238151D500371C2F /* View */,
			);
			path = "Sensor-App-WatchApp Extension";
			sourceTree = "<group>";
		};
		154E0FEF235CE3BD00FD426C /* Preview Content */ = {
			isa = PBXGroup;
			children = (
				154E0FF0235CE3BD00FD426C /* Preview Assets.xcassets */,
			);
			path = "Preview Content";
			sourceTree = "<group>";
		};
		1550FA8A232C06D1006447AE /* Preview Content */ = {
			isa = PBXGroup;
			children = (
				1550FA87232C06C7006447AE /* Preview Assets.xcassets */,
			);
			path = "Preview Content";
			sourceTree = "<group>";
		};
		1577ECB523301DD40061718B /* Translation */ = {
			isa = PBXGroup;
			children = (
				1577ECB2233019300061718B /* InfoPlist.strings */,
				1577ECAE23300E620061718B /* Localizable.strings */,
			);
			path = Translation;
			sourceTree = "<group>";
		};
		157B0E66227F57D6004CC169 = {
			isa = PBXGroup;
			children = (
				150CF9C8231D831000FDD825 /* Playground */,
				157B0E71227F57D6004CC169 /* Sensor-App */,
				154E0FD7235CE3BC00FD426C /* Sensor-App-WatchApp */,
				154E0FE6235CE3BD00FD426C /* Sensor-App-WatchApp Extension */,
				157D91C823814C6500371C2F /* Sensor-App-Framework */,
				1511014023648D4000EC0292 /* Sensor-AppTests */,
				1511014E23648D8000EC0292 /* Sensor-AppUITests */,
				157B0E70227F57D6004CC169 /* Products */,
			);
			sourceTree = "<group>";
		};
		157B0E70227F57D6004CC169 /* Products */ = {
			isa = PBXGroup;
			children = (
				157B0E6F227F57D6004CC169 /* Sensor-App.app */,
				154E0FD6235CE3BC00FD426C /* Sensor-App-WatchApp.app */,
				154E0FE2235CE3BD00FD426C /* Sensor-App-WatchApp Extension.appex */,
				1511013F23648D4000EC0292 /* Sensor-AppTests.xctest */,
				1511014D23648D8000EC0292 /* Sensor-AppUITests.xctest */,
				157D91C723814C6500371C2F /* Sensor_App_Framework.framework */,
			);
			name = Products;
			sourceTree = "<group>";
		};
		157B0E71227F57D6004CC169 /* Sensor-App */ = {
			isa = PBXGroup;
			children = (
				156FC3CC22A2D9ED00B70943 /* Info.plist */,
				15DDE3592337EC8100732427 /* LaunchScreen.storyboard */,
				157B0E72227F57D6004CC169 /* AppDelegate.swift */,
				1550FA7B232C0435006447AE /* SceneDelegate.swift */,
				157B0E79227F57D7004CC169 /* Assets.xcassets */,
				15C559C723BA3AA900812942 /* Chart */,
				1550FA8A232C06D1006447AE /* Preview Content */,
				157B0E89227F5A3A004CC169 /* View */,
			);
			path = "Sensor-App";
			sourceTree = "<group>";
		};
		157B0E89227F5A3A004CC169 /* View */ = {
			isa = PBXGroup;
			children = (
				15E57B8F234A17AD0055B4D1 /* SubView */,
				1577ECA62330072A0061718B /* ContentView.swift */,
				1516CD41232CC57400817C33 /* LocationView.swift */,
				1516CD44232CC57400817C33 /* AccelerationView.swift */,
				1516CD3E232CC57300817C33 /* GravityView.swift */,
				1516CD40232CC57400817C33 /* GyroscopeView.swift */,
				1577ECA9233007630061718B /* MagnetometerView.swift */,
				1516CD42232CC57400817C33 /* AttitudeView.swift */,
				1516CD43232CC57400817C33 /* AltitudeView.swift */,
				1516CD56232D510400817C33 /* SettingsView.swift */,
			);
			path = View;
			sourceTree = "<group>";
		};
		157B0E8A227F5A4E004CC169 /* Model */ = {
			isa = PBXGroup;
			children = (
				15ED0436231EF6EE001E5005 /* AltitudeModel.swift */,
				15DEDA62231D9E84008B2327 /* LocationModel.swift */,
				15DEDA64231DA6F3008B2327 /* MotionModel.swift */,
				15A062AD233FD2D100F5DC6F /* NotificationModel.swift */,
				15995DF2234F9D4B00C0DDA0 /* SensorType.swift */,
			);
			path = Model;
			sourceTree = "<group>";
		};
		157D91C823814C6500371C2F /* Sensor-App-Framework */ = {
			isa = PBXGroup;
			children = (
				157D91C923814C6500371C2F /* Sensor_App_Framework.h */,
				157D91CA23814C6500371C2F /* Info.plist */,
				150CF9C9231D84E800FDD825 /* API */,
				151F672B23CB9B6900DAFCD3 /* Customization */,
				157B0E8A227F5A4E004CC169 /* Model */,
				1577ECB523301DD40061718B /* Translation */,
				1516CD2E232CC54600817C33 /* ViewModel */,
			);
			path = "Sensor-App-Framework";
			sourceTree = "<group>";
		};
		157D91D4238151D500371C2F /* View */ = {
			isa = PBXGroup;
			children = (
				154E0FE7235CE3BD00FD426C /* ContentView.swift */,
				15841D442381767500E031B9 /* LocationView.swift */,
				15841D472381768700E031B9 /* AccelerationView.swift */,
				15841D4A2381769400E031B9 /* GravityView.swift */,
				15841D4D238176A400E031B9 /* GyroscopeView.swift */,
				15841D50238176AD00E031B9 /* MagnetometerView.swift */,
				15841D53238176B900E031B9 /* AttitudeView.swift */,
				15841D56238176C100E031B9 /* AltitudeView.swift */,
				15841D59238176CB00E031B9 /* SettingsView.swift */,
			);
			path = View;
			sourceTree = "<group>";
		};
		158BC8CB23411F19001A5EBD /* ToolBar */ = {
			isa = PBXGroup;
			children = (
				1516CD32232CC55400817C33 /* LocationToolBarView.swift */,
				1516CD30232CC55400817C33 /* MotionToolBarView.swift */,
			);
			path = ToolBar;
			sourceTree = "<group>";
		};
		158BC8CC23411F22001A5EBD /* Notification */ = {
			isa = PBXGroup;
			children = (
				15A062A4233F941C00F5DC6F /* NotificationMessageView.swift */,
				158BC8C82341094B001A5EBD /* NotificationView.swift */,
			);
			path = Notification;
			sourceTree = "<group>";
		};
		15C559C723BA3AA900812942 /* Chart */ = {
			isa = PBXGroup;
			children = (
				15C559C123BA36D800812942 /* SwiftUIView.swift */,
				15C559C423BA3A9F00812942 /* SwiftUIChart.swift */,
			);
			path = Chart;
			sourceTree = "<group>";
		};
		15E57B8F234A17AD0055B4D1 /* SubView */ = {
			isa = PBXGroup;
			children = (
				1516CD31232CC55400817C33 /* MapKitView.swift */,
				1516CD33232CC55400817C33 /* RefreshRateView.swift */,
				1531AC4B2353968700492189 /* MotionListView.swift */,
				158BC8CC23411F22001A5EBD /* Notification */,
				158BC8CB23411F19001A5EBD /* ToolBar */,
			);
			path = SubView;
			sourceTree = "<group>";
		};
/* End PBXGroup section */

/* Begin PBXHeadersBuildPhase section */
		157D91C223814C6500371C2F /* Headers */ = {
			isa = PBXHeadersBuildPhase;
			buildActionMask = 2147483647;
			files = (
				157D91CB23814C6500371C2F /* Sensor_App_Framework.h in Headers */,
			);
			runOnlyForDeploymentPostprocessing = 0;
		};
/* End PBXHeadersBuildPhase section */

/* Begin PBXNativeTarget section */
		1511013E23648D4000EC0292 /* Sensor-AppTests */ = {
			isa = PBXNativeTarget;
			buildConfigurationList = 1511014623648D4000EC0292 /* Build configuration list for PBXNativeTarget "Sensor-AppTests" */;
			buildPhases = (
				1511013B23648D4000EC0292 /* Sources */,
				1511013C23648D4000EC0292 /* Frameworks */,
				1511013D23648D4000EC0292 /* Resources */,
			);
			buildRules = (
			);
			dependencies = (
				1511014523648D4000EC0292 /* PBXTargetDependency */,
			);
			name = "Sensor-AppTests";
			productName = "Sensor-AppTests";
			productReference = 1511013F23648D4000EC0292 /* Sensor-AppTests.xctest */;
			productType = "com.apple.product-type.bundle.unit-test";
		};
		1511014C23648D8000EC0292 /* Sensor-AppUITests */ = {
			isa = PBXNativeTarget;
			buildConfigurationList = 1511015423648D8100EC0292 /* Build configuration list for PBXNativeTarget "Sensor-AppUITests" */;
			buildPhases = (
				1511014923648D8000EC0292 /* Sources */,
				1511014A23648D8000EC0292 /* Frameworks */,
				1511014B23648D8000EC0292 /* Resources */,
			);
			buildRules = (
			);
			dependencies = (
				1511015323648D8000EC0292 /* PBXTargetDependency */,
			);
			name = "Sensor-AppUITests";
			productName = "Sensor-AppUITests";
			productReference = 1511014D23648D8000EC0292 /* Sensor-AppUITests.xctest */;
			productType = "com.apple.product-type.bundle.ui-testing";
		};
		154E0FD5235CE3BC00FD426C /* Sensor-App-WatchApp */ = {
			isa = PBXNativeTarget;
			buildConfigurationList = 154E0FFD235CE3BD00FD426C /* Build configuration list for PBXNativeTarget "Sensor-App-WatchApp" */;
			buildPhases = (
				154E0FD4235CE3BC00FD426C /* Resources */,
				154E0FF9235CE3BD00FD426C /* Embed App Extensions */,
			);
			buildRules = (
			);
			dependencies = (
				154E0FE5235CE3BD00FD426C /* PBXTargetDependency */,
			);
			name = "Sensor-App-WatchApp";
			productName = "Sensor-App-WatchApp";
			productReference = 154E0FD6235CE3BC00FD426C /* Sensor-App-WatchApp.app */;
			productType = "com.apple.product-type.application.watchapp2";
		};
		154E0FE1235CE3BD00FD426C /* Sensor-App-WatchApp Extension */ = {
			isa = PBXNativeTarget;
			buildConfigurationList = 154E0FFC235CE3BD00FD426C /* Build configuration list for PBXNativeTarget "Sensor-App-WatchApp Extension" */;
			buildPhases = (
				154E0FDE235CE3BD00FD426C /* Sources */,
				154E0FDF235CE3BD00FD426C /* Frameworks */,
				154E0FE0235CE3BD00FD426C /* Resources */,
			);
			buildRules = (
			);
			dependencies = (
			);
			name = "Sensor-App-WatchApp Extension";
			productName = "Sensor-App-WatchApp Extension";
			productReference = 154E0FE2235CE3BD00FD426C /* Sensor-App-WatchApp Extension.appex */;
			productType = "com.apple.product-type.watchkit2-extension";
		};
		157B0E6E227F57D6004CC169 /* Sensor-App */ = {
			isa = PBXNativeTarget;
			buildConfigurationList = 157B0E81227F57D7004CC169 /* Build configuration list for PBXNativeTarget "Sensor-App" */;
			buildPhases = (
				157B0E6B227F57D6004CC169 /* Sources */,
				157B0E6C227F57D6004CC169 /* Frameworks */,
				157B0E6D227F57D6004CC169 /* Resources */,
				154E0FF6235CE3BD00FD426C /* Embed Watch Content */,
				157D91D023814C6500371C2F /* Embed Frameworks */,
			);
			buildRules = (
			);
			dependencies = (
				154E0FF4235CE3BD00FD426C /* PBXTargetDependency */,
				157D91CD23814C6500371C2F /* PBXTargetDependency */,
			);
			name = "Sensor-App";
			productName = "Sensor App";
			productReference = 157B0E6F227F57D6004CC169 /* Sensor-App.app */;
			productType = "com.apple.product-type.application";
		};
		157D91C623814C6500371C2F /* Sensor-App-Framework */ = {
			isa = PBXNativeTarget;
			buildConfigurationList = 157D91D323814C6500371C2F /* Build configuration list for PBXNativeTarget "Sensor-App-Framework" */;
			buildPhases = (
				157D91C223814C6500371C2F /* Headers */,
				157D91C323814C6500371C2F /* Sources */,
				157D91C423814C6500371C2F /* Frameworks */,
				157D91C523814C6500371C2F /* Resources */,
			);
			buildRules = (
			);
			dependencies = (
			);
			name = "Sensor-App-Framework";
			productName = "Sensor-App-Framework";
			productReference = 157D91C723814C6500371C2F /* Sensor_App_Framework.framework */;
			productType = "com.apple.product-type.framework";
		};
/* End PBXNativeTarget section */

/* Begin PBXProject section */
		157B0E67227F57D6004CC169 /* Project object */ = {
			isa = PBXProject;
			attributes = {
				LastSwiftUpdateCheck = 1120;
				LastUpgradeCheck = 1130;
				ORGANIZATIONNAME = "Volker Schmitt";
				TargetAttributes = {
					1511013E23648D4000EC0292 = {
						CreatedOnToolsVersion = 11.2;
						TestTargetID = 157B0E6E227F57D6004CC169;
					};
					1511014C23648D8000EC0292 = {
						CreatedOnToolsVersion = 11.2;
						TestTargetID = 157B0E6E227F57D6004CC169;
					};
					154E0FD5235CE3BC00FD426C = {
						CreatedOnToolsVersion = 11.2;
						LastSwiftMigration = 1130;
					};
					154E0FE1235CE3BD00FD426C = {
						CreatedOnToolsVersion = 11.2;
					};
					157B0E6E227F57D6004CC169 = {
						CreatedOnToolsVersion = 10.2.1;
						SystemCapabilities = {
							com.apple.Maps.iOS = {
								enabled = 0;
							};
							com.apple.Push = {
								enabled = 0;
							};
							com.apple.iCloud = {
								enabled = 0;
							};
						};
					};
					157D91C623814C6500371C2F = {
						CreatedOnToolsVersion = 11.2.1;
						LastSwiftMigration = 1130;
					};
				};
			};
			buildConfigurationList = 157B0E6A227F57D6004CC169 /* Build configuration list for PBXProject "Sensor-App" */;
			compatibilityVersion = "Xcode 11.0";
			developmentRegion = en;
			hasScannedForEncodings = 0;
			knownRegions = (
				en,
				de,
				Base,
			);
			mainGroup = 157B0E66227F57D6004CC169;
			productRefGroup = 157B0E70227F57D6004CC169 /* Products */;
			projectDirPath = "";
			projectRoot = "";
			targets = (
				157B0E6E227F57D6004CC169 /* Sensor-App */,
				154E0FD5235CE3BC00FD426C /* Sensor-App-WatchApp */,
				154E0FE1235CE3BD00FD426C /* Sensor-App-WatchApp Extension */,
				157D91C623814C6500371C2F /* Sensor-App-Framework */,
				1511013E23648D4000EC0292 /* Sensor-AppTests */,
				1511014C23648D8000EC0292 /* Sensor-AppUITests */,
			);
		};
/* End PBXProject section */

/* Begin PBXResourcesBuildPhase section */
		1511013D23648D4000EC0292 /* Resources */ = {
			isa = PBXResourcesBuildPhase;
			buildActionMask = 2147483647;
			files = (
				15A7F6A0236C38C0009FCF1D /* Localizable.strings in Resources */,
			);
			runOnlyForDeploymentPostprocessing = 0;
		};
		1511014B23648D8000EC0292 /* Resources */ = {
			isa = PBXResourcesBuildPhase;
			buildActionMask = 2147483647;
			files = (
				15A7F69E236C38BF009FCF1D /* Localizable.strings in Resources */,
			);
			runOnlyForDeploymentPostprocessing = 0;
		};
		154E0FD4235CE3BC00FD426C /* Resources */ = {
			isa = PBXResourcesBuildPhase;
			buildActionMask = 2147483647;
			files = (
				154E0FDC235CE3BD00FD426C /* Assets.xcassets in Resources */,
				15841D8523818B4700E031B9 /* Localizable.strings in Resources */,
				15A7F6AD236C5FD9009FCF1D /* Interface.storyboard in Resources */,
			);
			runOnlyForDeploymentPostprocessing = 0;
		};
		154E0FE0235CE3BD00FD426C /* Resources */ = {
			isa = PBXResourcesBuildPhase;
			buildActionMask = 2147483647;
			files = (
				154E0FF1235CE3BD00FD426C /* Preview Assets.xcassets in Resources */,
				15841D8623818B4700E031B9 /* Localizable.strings in Resources */,
				15841D8023817A2F00E031B9 /* InfoPlist.strings in Resources */,
				154E0FEE235CE3BD00FD426C /* Assets.xcassets in Resources */,
			);
			runOnlyForDeploymentPostprocessing = 0;
		};
		157B0E6D227F57D6004CC169 /* Resources */ = {
			isa = PBXResourcesBuildPhase;
			buildActionMask = 2147483647;
			files = (
				151F66BC23CB7D4800DAFCD3 /* Localizable.strings in Resources */,
				157B0E7A227F57D7004CC169 /* Assets.xcassets in Resources */,
				15DDE35A2337EC8100732427 /* LaunchScreen.storyboard in Resources */,
				1550FA88232C06C7006447AE /* Preview Assets.xcassets in Resources */,
				15A7F6A8236C5EFD009FCF1D /* InfoPlist.strings in Resources */,
			);
			runOnlyForDeploymentPostprocessing = 0;
		};
		157D91C523814C6500371C2F /* Resources */ = {
			isa = PBXResourcesBuildPhase;
			buildActionMask = 2147483647;
			files = (
				15841D8123817A3400E031B9 /* Localizable.strings in Resources */,
			);
			runOnlyForDeploymentPostprocessing = 0;
		};
/* End PBXResourcesBuildPhase section */

/* Begin PBXSourcesBuildPhase section */
		1511013B23648D4000EC0292 /* Sources */ = {
			isa = PBXSourcesBuildPhase;
			buildActionMask = 2147483647;
			files = (
				1511017623648E9600EC0292 /* CalculationTests.swift in Sources */,
			);
			runOnlyForDeploymentPostprocessing = 0;
		};
		1511014923648D8000EC0292 /* Sources */ = {
			isa = PBXSourcesBuildPhase;
			buildActionMask = 2147483647;
			files = (
				1511015023648D8000EC0292 /* Sensor_AppUITests.swift in Sources */,
				15A7F6A6236C5794009FCF1D /* ScreenshotUITests.swift in Sources */,
			);
			runOnlyForDeploymentPostprocessing = 0;
		};
		154E0FDE235CE3BD00FD426C /* Sources */ = {
			isa = PBXSourcesBuildPhase;
			buildActionMask = 2147483647;
			files = (
				15841D7523817A0D00E031B9 /* MotionModel.swift in Sources */,
				15841D5E238179C500E031B9 /* CoreMotionViewModel.swift in Sources */,
				151F66C123CB821800DAFCD3 /* AppUpdates.swift in Sources */,
				15841D482381768700E031B9 /* AccelerationView.swift in Sources */,
				154E0FEA235CE3BD00FD426C /* HostingController.swift in Sources */,
				151F66BF23CB81AB00DAFCD3 /* CoreLocationAPI.swift in Sources */,
				151F672A23CB9B4600DAFCD3 /* ViewButtonModifier.swift in Sources */,
				151F66C923CB82A500DAFCD3 /* CalculationAPI.swift in Sources */,
				15841D54238176B900E031B9 /* AttitudeView.swift in Sources */,
				15841D452381767500E031B9 /* LocationView.swift in Sources */,
				15841D57238176C100E031B9 /* AltitudeView.swift in Sources */,
				151F66C723CB826300DAFCD3 /* Extension.swift in Sources */,
				154E0FE8235CE3BD00FD426C /* ContentView.swift in Sources */,
				15841D51238176AD00E031B9 /* MagnetometerView.swift in Sources */,
				15841D8323817A8E00E031B9 /* CoreMotionAPI.swift in Sources */,
				15841D4E238176A400E031B9 /* GyroscopeView.swift in Sources */,
				15841D7323817A0900E031B9 /* LocationModel.swift in Sources */,
				15841D7723817A1200E031B9 /* NotificationModel.swift in Sources */,
				157ECB4B23832A3800890291 /* CoreLocationViewModel.swift in Sources */,
				154E0FEC235CE3BD00FD426C /* ExtensionDelegate.swift in Sources */,
				15841D4B2381769400E031B9 /* GravityView.swift in Sources */,
				15841D5A238176CB00E031B9 /* SettingsView.swift in Sources */,
				15841D6D23817A0000E031B9 /* SettingsAPI.swift in Sources */,
				15841D6F23817A0300E031B9 /* AltitudeModel.swift in Sources */,
				15841D7B23817A1800E031B9 /* SensorType.swift in Sources */,
			);
			runOnlyForDeploymentPostprocessing = 0;
		};
		157B0E6B227F57D6004CC169 /* Sources */ = {
			isa = PBXSourcesBuildPhase;
			buildActionMask = 2147483647;
			files = (
				1516CD50232CC57400817C33 /* AltitudeView.swift in Sources */,
				1516CD57232D510400817C33 /* SettingsView.swift in Sources */,
				15C559C223BA36D800812942 /* SwiftUIView.swift in Sources */,
				1516CD4A232CC57400817C33 /* GyroscopeView.swift in Sources */,
				15DEDA65231DA6F3008B2327 /* MotionModel.swift in Sources */,
				1531AC4C2353968700492189 /* MotionListView.swift in Sources */,
				1516CD4E232CC57400817C33 /* AttitudeView.swift in Sources */,
				1577ECA72330072A0061718B /* ContentView.swift in Sources */,
				1577ECAA233007630061718B /* MagnetometerView.swift in Sources */,
				1557774123CA6F3200BD563E /* AppUpdates.swift in Sources */,
				15A062AB233FCDD800F5DC6F /* NotificationAPI.swift in Sources */,
				15ED0437231EF6EE001E5005 /* AltitudeModel.swift in Sources */,
				1516CD3A232CC55400817C33 /* LocationToolBarView.swift in Sources */,
				1516CD3C232CC55400817C33 /* RefreshRateView.swift in Sources */,
				15A062A5233F941C00F5DC6F /* NotificationMessageView.swift in Sources */,
				15A062AE233FD2D100F5DC6F /* NotificationModel.swift in Sources */,
				151101152364518200EC0292 /* ViewButtonModifier.swift in Sources */,
				15DEDA67231DA97B008B2327 /* CoreMotionAPI.swift in Sources */,
				15C559C523BA3A9F00812942 /* SwiftUIChart.swift in Sources */,
				15E57B91234A20790055B4D1 /* CoreMotionViewModel.swift in Sources */,
				158BC8C92341094B001A5EBD /* NotificationView.swift in Sources */,
				151F66C823CB82A300DAFCD3 /* CalculationAPI.swift in Sources */,
				15E57B8D234A09630055B4D1 /* CoreLocationViewModel.swift in Sources */,
				15DEDA63231D9E84008B2327 /* LocationModel.swift in Sources */,
				15FC73332280A09B0077CB8A /* SettingsAPI.swift in Sources */,
				157B0E73227F57D6004CC169 /* AppDelegate.swift in Sources */,
				15995DF3234F9D4B00C0DDA0 /* SensorType.swift in Sources */,
				151F66BE23CB81AB00DAFCD3 /* CoreLocationAPI.swift in Sources */,
				1516CD52232CC57400817C33 /* AccelerationView.swift in Sources */,
				1516CD36232CC55400817C33 /* MotionToolBarView.swift in Sources */,
				151F66C623CB826100DAFCD3 /* Extension.swift in Sources */,
				1516CD4C232CC57400817C33 /* LocationView.swift in Sources */,
				1516CD46232CC57400817C33 /* GravityView.swift in Sources */,
				1550FA7C232C0435006447AE /* SceneDelegate.swift in Sources */,
				1516CD38232CC55400817C33 /* MapKitView.swift in Sources */,
			);
			runOnlyForDeploymentPostprocessing = 0;
		};
		157D91C323814C6500371C2F /* Sources */ = {
			isa = PBXSourcesBuildPhase;
			buildActionMask = 2147483647;
			files = (
				151F66C223CB822700DAFCD3 /* CoreLocationViewModel.swift in Sources */,
				151F66C323CB822A00DAFCD3 /* CoreMotionViewModel.swift in Sources */,
				151F66BD23CB819700DAFCD3 /* CoreLocationAPI.swift in Sources */,
				1557774023CA6D5400BD563E /* AppUpdates.swift in Sources */,
				1557774E23CA77D300BD563E /* Extension.swift in Sources */,
				1557775323CA796400BD563E /* SensorType.swift in Sources */,
				1557774F23CA795A00BD563E /* AltitudeModel.swift in Sources */,
				1557775023CA795C00BD563E /* LocationModel.swift in Sources */,
				1557774923CA763000BD563E /* SettingsAPI.swift in Sources */,
				1557774C23CA777F00BD563E /* CoreMotionAPI.swift in Sources */,
				1557775123CA795E00BD563E /* MotionModel.swift in Sources */,
				1557774A23CA777900BD563E /* CalculationAPI.swift in Sources */,
				1557775223CA796100BD563E /* NotificationModel.swift in Sources */,
				1557774D23CA778200BD563E /* NotificationAPI.swift in Sources */,
			);
			runOnlyForDeploymentPostprocessing = 0;
		};
/* End PBXSourcesBuildPhase section */

/* Begin PBXTargetDependency section */
		1511014523648D4000EC0292 /* PBXTargetDependency */ = {
			isa = PBXTargetDependency;
			target = 157B0E6E227F57D6004CC169 /* Sensor-App */;
			targetProxy = 1511014423648D4000EC0292 /* PBXContainerItemProxy */;
		};
		1511015323648D8000EC0292 /* PBXTargetDependency */ = {
			isa = PBXTargetDependency;
			target = 157B0E6E227F57D6004CC169 /* Sensor-App */;
			targetProxy = 1511015223648D8000EC0292 /* PBXContainerItemProxy */;
		};
		154E0FE5235CE3BD00FD426C /* PBXTargetDependency */ = {
			isa = PBXTargetDependency;
			target = 154E0FE1235CE3BD00FD426C /* Sensor-App-WatchApp Extension */;
			targetProxy = 154E0FE4235CE3BD00FD426C /* PBXContainerItemProxy */;
		};
		154E0FF4235CE3BD00FD426C /* PBXTargetDependency */ = {
			isa = PBXTargetDependency;
			target = 154E0FD5235CE3BC00FD426C /* Sensor-App-WatchApp */;
			targetProxy = 154E0FF3235CE3BD00FD426C /* PBXContainerItemProxy */;
		};
		157D91CD23814C6500371C2F /* PBXTargetDependency */ = {
			isa = PBXTargetDependency;
			target = 157D91C623814C6500371C2F /* Sensor-App-Framework */;
			targetProxy = 157D91CC23814C6500371C2F /* PBXContainerItemProxy */;
		};
/* End PBXTargetDependency section */

/* Begin PBXVariantGroup section */
		1577ECAE23300E620061718B /* Localizable.strings */ = {
			isa = PBXVariantGroup;
			children = (
				1577ECAF23300E620061718B /* de */,
			);
			name = Localizable.strings;
			sourceTree = "<group>";
		};
		1577ECB2233019300061718B /* InfoPlist.strings */ = {
			isa = PBXVariantGroup;
			children = (
				1577ECB3233019300061718B /* de */,
			);
			name = InfoPlist.strings;
			sourceTree = "<group>";
		};
/* End PBXVariantGroup section */

/* Begin XCBuildConfiguration section */
		1511014723648D4000EC0292 /* Debug */ = {
			isa = XCBuildConfiguration;
			buildSettings = {
				BUNDLE_LOADER = "$(TEST_HOST)";
				CODE_SIGN_STYLE = Automatic;
				DEVELOPMENT_TEAM = NLF7894S7W;
				INFOPLIST_FILE = "$(SRCROOT)/Sensor-AppTests/Info.plist";
				IPHONEOS_DEPLOYMENT_TARGET = 13.0;
				LD_RUNPATH_SEARCH_PATHS = (
					"$(inherited)",
					"@executable_path/Frameworks",
					"@loader_path/Frameworks",
				);
				PRODUCT_BUNDLE_IDENTIFIER = "volkerschmitt88-at-icloud.com.Sensor-AppTests";
				PRODUCT_NAME = "$(TARGET_NAME)";
				SWIFT_VERSION = 5.0;
				TARGETED_DEVICE_FAMILY = "1,2";
				TEST_HOST = "$(BUILT_PRODUCTS_DIR)/Sensor-App.app/Sensor-App";
			};
			name = Debug;
		};
		1511014823648D4000EC0292 /* Release */ = {
			isa = XCBuildConfiguration;
			buildSettings = {
				BUNDLE_LOADER = "$(TEST_HOST)";
				CODE_SIGN_STYLE = Automatic;
				DEVELOPMENT_TEAM = NLF7894S7W;
				INFOPLIST_FILE = "$(SRCROOT)/Sensor-AppTests/Info.plist";
				IPHONEOS_DEPLOYMENT_TARGET = 13.0;
				LD_RUNPATH_SEARCH_PATHS = (
					"$(inherited)",
					"@executable_path/Frameworks",
					"@loader_path/Frameworks",
				);
				PRODUCT_BUNDLE_IDENTIFIER = "volkerschmitt88-at-icloud.com.Sensor-AppTests";
				PRODUCT_NAME = "$(TARGET_NAME)";
				SWIFT_VERSION = 5.0;
				TARGETED_DEVICE_FAMILY = "1,2";
				TEST_HOST = "$(BUILT_PRODUCTS_DIR)/Sensor-App.app/Sensor-App";
			};
			name = Release;
		};
		1511015523648D8100EC0292 /* Debug */ = {
			isa = XCBuildConfiguration;
			buildSettings = {
				CODE_SIGN_STYLE = Automatic;
				DEVELOPMENT_TEAM = NLF7894S7W;
				INFOPLIST_FILE = "$(SRCROOT)/Sensor-AppUITests/Info.plist";
				IPHONEOS_DEPLOYMENT_TARGET = 13.0;
				LD_RUNPATH_SEARCH_PATHS = (
					"$(inherited)",
					"@executable_path/Frameworks",
					"@loader_path/Frameworks",
				);
				PRODUCT_BUNDLE_IDENTIFIER = "volkerschmitt88-at-icloud.com.Sensor-AppUITests";
				PRODUCT_NAME = "$(TARGET_NAME)";
				SWIFT_VERSION = 5.0;
				TARGETED_DEVICE_FAMILY = "1,2";
				TEST_TARGET_NAME = "Sensor-App";
			};
			name = Debug;
		};
		1511015623648D8100EC0292 /* Release */ = {
			isa = XCBuildConfiguration;
			buildSettings = {
				CODE_SIGN_STYLE = Automatic;
				DEVELOPMENT_TEAM = NLF7894S7W;
				INFOPLIST_FILE = "$(SRCROOT)/Sensor-AppUITests/Info.plist";
				IPHONEOS_DEPLOYMENT_TARGET = 13.0;
				LD_RUNPATH_SEARCH_PATHS = (
					"$(inherited)",
					"@executable_path/Frameworks",
					"@loader_path/Frameworks",
				);
				PRODUCT_BUNDLE_IDENTIFIER = "volkerschmitt88-at-icloud.com.Sensor-AppUITests";
				PRODUCT_NAME = "$(TARGET_NAME)";
				SWIFT_VERSION = 5.0;
				TARGETED_DEVICE_FAMILY = "1,2";
				TEST_TARGET_NAME = "Sensor-App";
			};
			name = Release;
		};
		154E0FF7235CE3BD00FD426C /* Debug */ = {
			isa = XCBuildConfiguration;
			buildSettings = {
				ALWAYS_EMBED_SWIFT_STANDARD_LIBRARIES = YES;
				ASSETCATALOG_COMPILER_APPICON_NAME = AppIcon;
				CLANG_ENABLE_MODULES = YES;
				CODE_SIGN_STYLE = Automatic;
				CURRENT_PROJECT_VERSION = "${MY_BUILD_VERSION}";
				DEVELOPMENT_TEAM = NLF7894S7W;
				IBSC_MODULE = Sensor_App_WatchApp_Extension;
				INFOPLIST_FILE = "$(SRCROOT)/Sensor-App-WatchApp/Info.plist";
				LD_RUNPATH_SEARCH_PATHS = (
					"$(inherited)",
					"@executable_path/../Frameworks",
					"@loader_path/../Frameworks",
				);
				MARKETING_VERSION = "${MY_VERSION}-Dev";
				PRODUCT_BUNDLE_IDENTIFIER = "VolkerSchmitt88-at-icloud.com.Sensor-App.watchkitapp";
				PRODUCT_NAME = "$(TARGET_NAME)";
				SDKROOT = watchos;
				SKIP_INSTALL = YES;
				SWIFT_OBJC_BRIDGING_HEADER = "Sensor-App/Sensor-App-WatchApp-Bridging-Header.h";
				SWIFT_OPTIMIZATION_LEVEL = "-Onone";
				SWIFT_VERSION = 5.0;
				TARGETED_DEVICE_FAMILY = 4;
				WATCHOS_DEPLOYMENT_TARGET = 6.0;
			};
			name = Debug;
		};
		154E0FF8235CE3BD00FD426C /* Release */ = {
			isa = XCBuildConfiguration;
			buildSettings = {
				ALWAYS_EMBED_SWIFT_STANDARD_LIBRARIES = YES;
				ASSETCATALOG_COMPILER_APPICON_NAME = AppIcon;
				CLANG_ENABLE_MODULES = YES;
				CODE_SIGN_STYLE = Automatic;
				CURRENT_PROJECT_VERSION = "${MY_BUILD_VERSION}";
				DEVELOPMENT_TEAM = NLF7894S7W;
				IBSC_MODULE = Sensor_App_WatchApp_Extension;
				INFOPLIST_FILE = "$(SRCROOT)/Sensor-App-WatchApp/Info.plist";
				LD_RUNPATH_SEARCH_PATHS = (
					"$(inherited)",
					"@executable_path/../Frameworks",
					"@loader_path/../Frameworks",
				);
				MARKETING_VERSION = "${MY_VERSION}-Dev";
				PRODUCT_BUNDLE_IDENTIFIER = "VolkerSchmitt88-at-icloud.com.Sensor-App.watchkitapp";
				PRODUCT_NAME = "$(TARGET_NAME)";
				SDKROOT = watchos;
				SKIP_INSTALL = YES;
				SWIFT_OBJC_BRIDGING_HEADER = "Sensor-App/Sensor-App-WatchApp-Bridging-Header.h";
				SWIFT_VERSION = 5.0;
				TARGETED_DEVICE_FAMILY = 4;
				WATCHOS_DEPLOYMENT_TARGET = 6.0;
			};
			name = Release;
		};
		154E0FFA235CE3BD00FD426C /* Debug */ = {
			isa = XCBuildConfiguration;
			buildSettings = {
				ASSETCATALOG_COMPILER_COMPLICATION_NAME = Complication;
				CODE_SIGN_STYLE = Automatic;
				CURRENT_PROJECT_VERSION = "${MY_BUILD_VERSION}";
				DEVELOPMENT_ASSET_PATHS = "\"Sensor-App-WatchApp Extension/Preview Content\"";
				DEVELOPMENT_TEAM = NLF7894S7W;
				ENABLE_PREVIEWS = YES;
				INFOPLIST_FILE = "$(SRCROOT)/Sensor-App-WatchApp Extension/Info.plist";
				LD_RUNPATH_SEARCH_PATHS = (
					"$(inherited)",
					"@executable_path/Frameworks",
					"@executable_path/../../Frameworks",
				);
				MARKETING_VERSION = "${MY_VERSION}";
				PRODUCT_BUNDLE_IDENTIFIER = "VolkerSchmitt88-at-icloud.com.Sensor-App.watchkitapp.watchkitextension";
				PRODUCT_NAME = "${TARGET_NAME}";
				SDKROOT = watchos;
				SKIP_INSTALL = YES;
				SWIFT_VERSION = 5.0;
				TARGETED_DEVICE_FAMILY = 4;
				WATCHOS_DEPLOYMENT_TARGET = 6.0;
			};
			name = Debug;
		};
		154E0FFB235CE3BD00FD426C /* Release */ = {
			isa = XCBuildConfiguration;
			buildSettings = {
				ASSETCATALOG_COMPILER_COMPLICATION_NAME = Complication;
				CODE_SIGN_STYLE = Automatic;
				CURRENT_PROJECT_VERSION = "${MY_BUILD_VERSION}";
				DEVELOPMENT_ASSET_PATHS = "\"Sensor-App-WatchApp Extension/Preview Content\"";
				DEVELOPMENT_TEAM = NLF7894S7W;
				ENABLE_PREVIEWS = YES;
				INFOPLIST_FILE = "$(SRCROOT)/Sensor-App-WatchApp Extension/Info.plist";
				LD_RUNPATH_SEARCH_PATHS = (
					"$(inherited)",
					"@executable_path/Frameworks",
					"@executable_path/../../Frameworks",
				);
				MARKETING_VERSION = "${MY_VERSION}";
				PRODUCT_BUNDLE_IDENTIFIER = "VolkerSchmitt88-at-icloud.com.Sensor-App.watchkitapp.watchkitextension";
				PRODUCT_NAME = "${TARGET_NAME}";
				SDKROOT = watchos;
				SKIP_INSTALL = YES;
				SWIFT_VERSION = 5.0;
				TARGETED_DEVICE_FAMILY = 4;
				WATCHOS_DEPLOYMENT_TARGET = 6.0;
			};
			name = Release;
		};
		157B0E7F227F57D7004CC169 /* Debug */ = {
			isa = XCBuildConfiguration;
			buildSettings = {
				ALWAYS_SEARCH_USER_PATHS = NO;
				CLANG_ANALYZER_LOCALIZABILITY_NONLOCALIZED = YES;
				CLANG_ANALYZER_NONNULL = YES;
				CLANG_ANALYZER_NUMBER_OBJECT_CONVERSION = YES_AGGRESSIVE;
				CLANG_CXX_LANGUAGE_STANDARD = "gnu++14";
				CLANG_CXX_LIBRARY = "libc++";
				CLANG_ENABLE_MODULES = YES;
				CLANG_ENABLE_OBJC_ARC = YES;
				CLANG_ENABLE_OBJC_WEAK = YES;
				CLANG_WARN_BLOCK_CAPTURE_AUTORELEASING = YES;
				CLANG_WARN_BOOL_CONVERSION = YES;
				CLANG_WARN_COMMA = YES;
				CLANG_WARN_CONSTANT_CONVERSION = YES;
				CLANG_WARN_DEPRECATED_OBJC_IMPLEMENTATIONS = YES;
				CLANG_WARN_DIRECT_OBJC_ISA_USAGE = YES_ERROR;
				CLANG_WARN_DOCUMENTATION_COMMENTS = YES;
				CLANG_WARN_EMPTY_BODY = YES;
				CLANG_WARN_ENUM_CONVERSION = YES;
				CLANG_WARN_INFINITE_RECURSION = YES;
				CLANG_WARN_INT_CONVERSION = YES;
				CLANG_WARN_NON_LITERAL_NULL_CONVERSION = YES;
				CLANG_WARN_OBJC_IMPLICIT_RETAIN_SELF = YES;
				CLANG_WARN_OBJC_LITERAL_CONVERSION = YES;
				CLANG_WARN_OBJC_ROOT_CLASS = YES_ERROR;
				CLANG_WARN_RANGE_LOOP_ANALYSIS = YES;
				CLANG_WARN_STRICT_PROTOTYPES = YES;
				CLANG_WARN_SUSPICIOUS_MOVE = YES;
				CLANG_WARN_UNGUARDED_AVAILABILITY = YES_AGGRESSIVE;
				CLANG_WARN_UNREACHABLE_CODE = YES;
				CLANG_WARN__DUPLICATE_METHOD_MATCH = YES;
				CODE_SIGN_IDENTITY = "iPhone Developer";
				COPY_PHASE_STRIP = NO;
				DEBUG_INFORMATION_FORMAT = dwarf;
				ENABLE_STRICT_OBJC_MSGSEND = YES;
				ENABLE_TESTABILITY = YES;
				GCC_C_LANGUAGE_STANDARD = gnu11;
				GCC_DYNAMIC_NO_PIC = NO;
				GCC_NO_COMMON_BLOCKS = YES;
				GCC_OPTIMIZATION_LEVEL = 0;
				GCC_PREPROCESSOR_DEFINITIONS = (
					"DEBUG=1",
					"$(inherited)",
				);
				GCC_WARN_64_TO_32_BIT_CONVERSION = YES;
				GCC_WARN_ABOUT_RETURN_TYPE = YES_ERROR;
				GCC_WARN_UNDECLARED_SELECTOR = YES;
				GCC_WARN_UNINITIALIZED_AUTOS = YES_AGGRESSIVE;
				GCC_WARN_UNUSED_FUNCTION = YES;
				GCC_WARN_UNUSED_VARIABLE = YES;
				IPHONEOS_DEPLOYMENT_TARGET = 13.0;
				MTL_ENABLE_DEBUG_INFO = INCLUDE_SOURCE;
				MTL_FAST_MATH = YES;
				MY_BUILD_VERSION = 2.20027.16;
				MY_VERSION = 2.3.0;
				ONLY_ACTIVE_ARCH = YES;
				SDKROOT = iphoneos;
				SWIFT_ACTIVE_COMPILATION_CONDITIONS = DEBUG;
				SWIFT_OPTIMIZATION_LEVEL = "-Onone";
				SWIFT_VERSION = 5.0;
			};
			name = Debug;
		};
		157B0E80227F57D7004CC169 /* Release */ = {
			isa = XCBuildConfiguration;
			buildSettings = {
				ALWAYS_SEARCH_USER_PATHS = NO;
				CLANG_ANALYZER_LOCALIZABILITY_NONLOCALIZED = YES;
				CLANG_ANALYZER_NONNULL = YES;
				CLANG_ANALYZER_NUMBER_OBJECT_CONVERSION = YES_AGGRESSIVE;
				CLANG_CXX_LANGUAGE_STANDARD = "gnu++14";
				CLANG_CXX_LIBRARY = "libc++";
				CLANG_ENABLE_MODULES = YES;
				CLANG_ENABLE_OBJC_ARC = YES;
				CLANG_ENABLE_OBJC_WEAK = YES;
				CLANG_WARN_BLOCK_CAPTURE_AUTORELEASING = YES;
				CLANG_WARN_BOOL_CONVERSION = YES;
				CLANG_WARN_COMMA = YES;
				CLANG_WARN_CONSTANT_CONVERSION = YES;
				CLANG_WARN_DEPRECATED_OBJC_IMPLEMENTATIONS = YES;
				CLANG_WARN_DIRECT_OBJC_ISA_USAGE = YES_ERROR;
				CLANG_WARN_DOCUMENTATION_COMMENTS = YES;
				CLANG_WARN_EMPTY_BODY = YES;
				CLANG_WARN_ENUM_CONVERSION = YES;
				CLANG_WARN_INFINITE_RECURSION = YES;
				CLANG_WARN_INT_CONVERSION = YES;
				CLANG_WARN_NON_LITERAL_NULL_CONVERSION = YES;
				CLANG_WARN_OBJC_IMPLICIT_RETAIN_SELF = YES;
				CLANG_WARN_OBJC_LITERAL_CONVERSION = YES;
				CLANG_WARN_OBJC_ROOT_CLASS = YES_ERROR;
				CLANG_WARN_RANGE_LOOP_ANALYSIS = YES;
				CLANG_WARN_STRICT_PROTOTYPES = YES;
				CLANG_WARN_SUSPICIOUS_MOVE = YES;
				CLANG_WARN_UNGUARDED_AVAILABILITY = YES_AGGRESSIVE;
				CLANG_WARN_UNREACHABLE_CODE = YES;
				CLANG_WARN__DUPLICATE_METHOD_MATCH = YES;
				CODE_SIGN_IDENTITY = "iPhone Developer";
				COPY_PHASE_STRIP = NO;
				DEBUG_INFORMATION_FORMAT = "dwarf-with-dsym";
				ENABLE_NS_ASSERTIONS = NO;
				ENABLE_STRICT_OBJC_MSGSEND = YES;
				GCC_C_LANGUAGE_STANDARD = gnu11;
				GCC_NO_COMMON_BLOCKS = YES;
				GCC_WARN_64_TO_32_BIT_CONVERSION = YES;
				GCC_WARN_ABOUT_RETURN_TYPE = YES_ERROR;
				GCC_WARN_UNDECLARED_SELECTOR = YES;
				GCC_WARN_UNINITIALIZED_AUTOS = YES_AGGRESSIVE;
				GCC_WARN_UNUSED_FUNCTION = YES;
				GCC_WARN_UNUSED_VARIABLE = YES;
				IPHONEOS_DEPLOYMENT_TARGET = 13.0;
				MTL_ENABLE_DEBUG_INFO = NO;
				MTL_FAST_MATH = YES;
				MY_BUILD_VERSION = 2.20027.16;
				MY_VERSION = 2.3.0;
				SDKROOT = iphoneos;
				SWIFT_COMPILATION_MODE = wholemodule;
				SWIFT_OPTIMIZATION_LEVEL = "-O";
				SWIFT_VERSION = 5.0;
				VALIDATE_PRODUCT = YES;
			};
			name = Release;
		};
		157B0E82227F57D7004CC169 /* Debug */ = {
			isa = XCBuildConfiguration;
			buildSettings = {
				ALWAYS_EMBED_SWIFT_STANDARD_LIBRARIES = YES;
				ASSETCATALOG_COMPILER_APPICON_NAME = AppIcon;
				CODE_SIGN_STYLE = Automatic;
				CURRENT_PROJECT_VERSION = "${MY_BUILD_VERSION}";
				DEVELOPMENT_ASSET_PATHS = "Sensor-App/Preview\\ Content";
				DEVELOPMENT_TEAM = NLF7894S7W;
				GCC_OPTIMIZATION_LEVEL = 0;
				INFOPLIST_FILE = "$(SRCROOT)/Sensor-App/Info.plist";
				IPHONEOS_DEPLOYMENT_TARGET = 13.0;
				LD_RUNPATH_SEARCH_PATHS = (
					"$(inherited)",
					"@executable_path/Frameworks",
				);
				MARKETING_VERSION = "${MY_VERSION}";
				PRODUCT_BUNDLE_IDENTIFIER = "VolkerSchmitt88-at-icloud.com.Sensor-App";
				PRODUCT_NAME = "$(TARGET_NAME)";
				SWIFT_OPTIMIZATION_LEVEL = "-Onone";
				SWIFT_VERSION = 5.0;
				TARGETED_DEVICE_FAMILY = "1,2";
			};
			name = Debug;
		};
		157B0E83227F57D7004CC169 /* Release */ = {
			isa = XCBuildConfiguration;
			buildSettings = {
				ALWAYS_EMBED_SWIFT_STANDARD_LIBRARIES = YES;
				ASSETCATALOG_COMPILER_APPICON_NAME = AppIcon;
				CODE_SIGN_STYLE = Automatic;
				CURRENT_PROJECT_VERSION = "${MY_BUILD_VERSION}";
				DEVELOPMENT_ASSET_PATHS = "Sensor-App/Preview\\ Content";
				DEVELOPMENT_TEAM = NLF7894S7W;
				GCC_OPTIMIZATION_LEVEL = s;
				INFOPLIST_FILE = "$(SRCROOT)/Sensor-App/Info.plist";
				IPHONEOS_DEPLOYMENT_TARGET = 13.0;
				LD_RUNPATH_SEARCH_PATHS = (
					"$(inherited)",
					"@executable_path/Frameworks",
				);
				MARKETING_VERSION = "${MY_VERSION}";
				PRODUCT_BUNDLE_IDENTIFIER = "VolkerSchmitt88-at-icloud.com.Sensor-App";
				PRODUCT_NAME = "$(TARGET_NAME)";
				SWIFT_VERSION = 5.0;
				TARGETED_DEVICE_FAMILY = "1,2";
			};
			name = Release;
		};
		157D91D123814C6500371C2F /* Debug */ = {
			isa = XCBuildConfiguration;
			buildSettings = {
				CLANG_ENABLE_MODULES = YES;
				CODE_SIGN_STYLE = Automatic;
				CURRENT_PROJECT_VERSION = "${MY_BUILD_VERSION}";
				DEFINES_MODULE = YES;
				DEVELOPMENT_TEAM = NLF7894S7W;
				DYLIB_COMPATIBILITY_VERSION = 1;
				DYLIB_CURRENT_VERSION = 1;
				DYLIB_INSTALL_NAME_BASE = "@rpath";
				INFOPLIST_FILE = "$(SRCROOT)/Sensor-App-Framework/Info.plist";
				INSTALL_PATH = "$(LOCAL_LIBRARY_DIR)/Frameworks";
				IPHONEOS_DEPLOYMENT_TARGET = 13.0;
				LD_RUNPATH_SEARCH_PATHS = (
					"$(inherited)",
					"@executable_path/Frameworks",
					"@loader_path/Frameworks",
				);
				MARKETING_VERSION = "${MY_VERSION}";
				PRODUCT_BUNDLE_IDENTIFIER = "volkerschmitt88-at-icloud.com.Sensor-App-Framework";
				PRODUCT_NAME = "$(TARGET_NAME:c99extidentifier)";
				SKIP_INSTALL = YES;
				SUPPORTS_MACCATALYST = NO;
				SWIFT_OPTIMIZATION_LEVEL = "-Onone";
				SWIFT_VERSION = 5.0;
				TARGETED_DEVICE_FAMILY = "1,2";
				VERSIONING_SYSTEM = "apple-generic";
				VERSION_INFO_PREFIX = "";
			};
			name = Debug;
		};
		157D91D223814C6500371C2F /* Release */ = {
			isa = XCBuildConfiguration;
			buildSettings = {
				CLANG_ENABLE_MODULES = YES;
				CODE_SIGN_STYLE = Automatic;
				CURRENT_PROJECT_VERSION = "${MY_BUILD_VERSION}";
				DEFINES_MODULE = YES;
				DEVELOPMENT_TEAM = NLF7894S7W;
				DYLIB_COMPATIBILITY_VERSION = 1;
				DYLIB_CURRENT_VERSION = 1;
				DYLIB_INSTALL_NAME_BASE = "@rpath";
				INFOPLIST_FILE = "$(SRCROOT)/Sensor-App-Framework/Info.plist";
				INSTALL_PATH = "$(LOCAL_LIBRARY_DIR)/Frameworks";
				IPHONEOS_DEPLOYMENT_TARGET = 13.0;
				LD_RUNPATH_SEARCH_PATHS = (
					"$(inherited)",
					"@executable_path/Frameworks",
					"@loader_path/Frameworks",
				);
				MARKETING_VERSION = "${MY_VERSION}";
				PRODUCT_BUNDLE_IDENTIFIER = "volkerschmitt88-at-icloud.com.Sensor-App-Framework";
				PRODUCT_NAME = "$(TARGET_NAME:c99extidentifier)";
				SKIP_INSTALL = YES;
				SUPPORTS_MACCATALYST = NO;
				SWIFT_VERSION = 5.0;
				TARGETED_DEVICE_FAMILY = "1,2";
				VERSIONING_SYSTEM = "apple-generic";
				VERSION_INFO_PREFIX = "";
			};
			name = Release;
		};
/* End XCBuildConfiguration section */

/* Begin XCConfigurationList section */
		1511014623648D4000EC0292 /* Build configuration list for PBXNativeTarget "Sensor-AppTests" */ = {
			isa = XCConfigurationList;
			buildConfigurations = (
				1511014723648D4000EC0292 /* Debug */,
				1511014823648D4000EC0292 /* Release */,
			);
			defaultConfigurationIsVisible = 0;
			defaultConfigurationName = Release;
		};
		1511015423648D8100EC0292 /* Build configuration list for PBXNativeTarget "Sensor-AppUITests" */ = {
			isa = XCConfigurationList;
			buildConfigurations = (
				1511015523648D8100EC0292 /* Debug */,
				1511015623648D8100EC0292 /* Release */,
			);
			defaultConfigurationIsVisible = 0;
			defaultConfigurationName = Release;
		};
		154E0FFC235CE3BD00FD426C /* Build configuration list for PBXNativeTarget "Sensor-App-WatchApp Extension" */ = {
			isa = XCConfigurationList;
			buildConfigurations = (
				154E0FFA235CE3BD00FD426C /* Debug */,
				154E0FFB235CE3BD00FD426C /* Release */,
			);
			defaultConfigurationIsVisible = 0;
			defaultConfigurationName = Release;
		};
		154E0FFD235CE3BD00FD426C /* Build configuration list for PBXNativeTarget "Sensor-App-WatchApp" */ = {
			isa = XCConfigurationList;
			buildConfigurations = (
				154E0FF7235CE3BD00FD426C /* Debug */,
				154E0FF8235CE3BD00FD426C /* Release */,
			);
			defaultConfigurationIsVisible = 0;
			defaultConfigurationName = Release;
		};
		157B0E6A227F57D6004CC169 /* Build configuration list for PBXProject "Sensor-App" */ = {
			isa = XCConfigurationList;
			buildConfigurations = (
				157B0E7F227F57D7004CC169 /* Debug */,
				157B0E80227F57D7004CC169 /* Release */,
			);
			defaultConfigurationIsVisible = 0;
			defaultConfigurationName = Release;
		};
		157B0E81227F57D7004CC169 /* Build configuration list for PBXNativeTarget "Sensor-App" */ = {
			isa = XCConfigurationList;
			buildConfigurations = (
				157B0E82227F57D7004CC169 /* Debug */,
				157B0E83227F57D7004CC169 /* Release */,
			);
			defaultConfigurationIsVisible = 0;
			defaultConfigurationName = Release;
		};
		157D91D323814C6500371C2F /* Build configuration list for PBXNativeTarget "Sensor-App-Framework" */ = {
			isa = XCConfigurationList;
			buildConfigurations = (
				157D91D123814C6500371C2F /* Debug */,
				157D91D223814C6500371C2F /* Release */,
			);
			defaultConfigurationIsVisible = 0;
			defaultConfigurationName = Release;
		};
/* End XCConfigurationList section */
	};
	rootObject = 157B0E67227F57D6004CC169 /* Project object */;
}
