{
  "object": {
    "pins": [
      {
        "package": "SwiftUIGraph",
        "repositoryURL": "https://github.com/Volker88/SwiftUIGraph.git",
        "state": {
          "branch": null,
          "revision": "499c8d95f70506e900da419efd553528db854581",
          "version": "0.2.0"
        }
      }
    ]
  },
  "version": 1
}
